
Microsoft Visual Studio Solution File, Format Version 12.00
# Visual Studio Version 17
VisualStudioVersion = 17.0.31903.59
MinimumVisualStudioVersion = 10.0.40219.1
Project("{FAE04EC0-301F-11D3-BF4B-00C04F79EFBC}") = "Eleon.Collaboration.Module.Full", "Eleon.Collaboration.Module.Full.csproj", "{BEA917F2-D1F2-4364-921D-0DA9A2B11B62}"
EndProject
Project("{2150E333-8FDC-42A3-9474-1A3956D46DE8}") = "Libs", "Libs", "{02EA681E-C7D8-13C7-8484-4AC65E1B71E8}"
EndProject
Project("{2150E333-8FDC-42A3-9474-1A3956D46DE8}") = "Shared", "Shared", "{9C5F91EA-B1D4-4F3E-96E0-D407B0AF873B}"
EndProject
Project("{2150E333-8FDC-42A3-9474-1A3956D46DE8}") = "Libs", "Libs", "{9AE2D2C8-72B2-439F-AB46-C0516FBD589D}"
EndProject
Project("{FAE04EC0-301F-11D3-BF4B-00C04F79EFBC}") = "Eleon.Common.Lib.Full", "..\\..\\shared\\libs\\Eleon.Common.Lib\\Eleon.Common.Lib.Full.csproj", "{CA3BA910-CC28-2541-7840-4A469BCC6473}"
EndProject
Project("{FAE04EC0-301F-11D3-BF4B-00C04F79EFBC}") = "Eleon.Logging.Lib.Full", "..\\..\\shared\\libs\\Eleon.Logging.Lib\\Eleon.Logging.Lib.Full.csproj", "{73141AA7-C98F-8FDC-6DCE-73C36F47730E}"
EndProject
Project("{FAE04EC0-301F-11D3-BF4B-00C04F79EFBC}") = "Eleon.AbpSdk.Lib.Full", "..\\..\\shared\\libs\\Eleon.AbpSdk.Lib\\Eleon.AbpSdk.Lib.Full.csproj", "{2B12D08F-942B-BA5C-3484-1DE392162717}"
EndProject
Project("{FAE04EC0-301F-11D3-BF4B-00C04F79EFBC}") = "Eleon.Migration.Lib.Full", "..\\..\\shared\\libs\\Eleon.Migration.Lib\\Eleon.Migration.Lib.Full.csproj", "{8B7A644F-5A81-F2FE-4C07-D3978D8CCA58}"
EndProject
Project("{FAE04EC0-301F-11D3-BF4B-00C04F79EFBC}") = "Eleon.HealthChecks.Lib.Full", "..\\..\\shared\\libs\\Eleon.HealthChecks.Lib\\Eleon.HealthChecks.Lib.Full.csproj", "{20B1E3F0-E34C-7CDE-FC00-26BBA00358A5}"
EndProject
Project("{FAE04EC0-301F-11D3-BF4B-00C04F79EFBC}") = "Eleon.Telemetry.Lib.Full", "..\\..\\shared\\libs\\Eleon.Telemetry.Lib\\Eleon.Telemetry.Lib.Full.csproj", "{3C2A6AC0-E43B-83EC-9260-1167FCED084E}"
EndProject
Project("{FAE04EC0-301F-11D3-BF4B-00C04F79EFBC}") = "Eleon.InternalCommons.Lib.Full", "..\\..\\libs\\Eleon.InternalCommons.Lib\\Eleon.InternalCommons.Lib.Full.csproj", "{9D167EEA-7D1B-9AC5-1F2F-F5AE6FD340F5}"
EndProject
Project("{2150E333-8FDC-42A3-9474-1A3956D46DE8}") = "tests", "tests", "{0AB3BF05-4346-4AA6-1389-037BE0695223}"
EndProject
Project("{FAE04EC0-301F-11D3-BF4B-00C04F79EFBC}") = "Eleon.Collaboration.Module.Tests", "tests\Eleon.Collaboration.Module.Tests.csproj", "{23191FAD-073A-48BA-8EF4-95EE8B67B185}"
EndProject
Project("{FAE04EC0-301F-11D3-BF4B-00C04F79EFBC}") = "Eleon.TestsBase.Lib.Full", "..\..\shared\libs\Eleon.TestsBase.Lib\Eleon.TestsBase.Lib.Full.csproj", "{01E9123C-AE50-4AC6-AB46-883BAF92D113}"
EndProject
Project("{FAE04EC0-301F-11D3-BF4B-00C04F79EFBC}") = "Eleon.Logging.Lib.Full", "..\..\shared\libs\Eleon.Logging.Lib\Eleon.Logging.Lib.Full.csproj", "{5B2B2F01-17AE-4099-AA37-8D1AE34C8282}"
EndProject
Global
	GlobalSection(SolutionConfigurationPlatforms) = preSolution
		Debug|Any CPU = Debug|Any CPU
		Debug|x64 = Debug|x64
		Debug|x86 = Debug|x86
		Release|Any CPU = Release|Any CPU
		Release|x64 = Release|x64
		Release|x86 = Release|x86
	EndGlobalSection
	GlobalSection(ProjectConfigurationPlatforms) = postSolution
		{BEA917F2-D1F2-4364-921D-0DA9A2B11B62}.Debug|Any CPU.ActiveCfg = Debug|Any CPU
		{BEA917F2-D1F2-4364-921D-0DA9A2B11B62}.Debug|Any CPU.Build.0 = Debug|Any CPU
		{BEA917F2-D1F2-4364-921D-0DA9A2B11B62}.Debug|x64.ActiveCfg = Debug|Any CPU
		{BEA917F2-D1F2-4364-921D-0DA9A2B11B62}.Debug|x64.Build.0 = Debug|Any CPU
		{BEA917F2-D1F2-4364-921D-0DA9A2B11B62}.Debug|x86.ActiveCfg = Debug|Any CPU
		{BEA917F2-D1F2-4364-921D-0DA9A2B11B62}.Debug|x86.Build.0 = Debug|Any CPU
		{BEA917F2-D1F2-4364-921D-0DA9A2B11B62}.Release|Any CPU.ActiveCfg = Release|Any CPU
		{BEA917F2-D1F2-4364-921D-0DA9A2B11B62}.Release|Any CPU.Build.0 = Release|Any CPU
		{BEA917F2-D1F2-4364-921D-0DA9A2B11B62}.Release|x64.ActiveCfg = Release|Any CPU
		{BEA917F2-D1F2-4364-921D-0DA9A2B11B62}.Release|x64.Build.0 = Release|Any CPU
		{BEA917F2-D1F2-4364-921D-0DA9A2B11B62}.Release|x86.ActiveCfg = Release|Any CPU
		{BEA917F2-D1F2-4364-921D-0DA9A2B11B62}.Release|x86.Build.0 = Release|Any CPU
		{CA3BA910-CC28-2541-7840-4A469BCC6473}.Debug|Any CPU.ActiveCfg = Debug|Any CPU
		{CA3BA910-CC28-2541-7840-4A469BCC6473}.Debug|Any CPU.Build.0 = Debug|Any CPU
		{CA3BA910-CC28-2541-7840-4A469BCC6473}.Debug|x64.ActiveCfg = Debug|Any CPU
		{CA3BA910-CC28-2541-7840-4A469BCC6473}.Debug|x64.Build.0 = Debug|Any CPU
		{CA3BA910-CC28-2541-7840-4A469BCC6473}.Debug|x86.ActiveCfg = Debug|Any CPU
		{CA3BA910-CC28-2541-7840-4A469BCC6473}.Debug|x86.Build.0 = Debug|Any CPU
		{CA3BA910-CC28-2541-7840-4A469BCC6473}.Release|Any CPU.ActiveCfg = Release|Any CPU
		{CA3BA910-CC28-2541-7840-4A469BCC6473}.Release|Any CPU.Build.0 = Release|Any CPU
		{CA3BA910-CC28-2541-7840-4A469BCC6473}.Release|x64.ActiveCfg = Release|Any CPU
		{CA3BA910-CC28-2541-7840-4A469BCC6473}.Release|x64.Build.0 = Release|Any CPU
		{CA3BA910-CC28-2541-7840-4A469BCC6473}.Release|x86.ActiveCfg = Release|Any CPU
		{CA3BA910-CC28-2541-7840-4A469BCC6473}.Release|x86.Build.0 = Release|Any CPU
		{73141AA7-C98F-8FDC-6DCE-73C36F47730E}.Debug|Any CPU.ActiveCfg = Debug|Any CPU
		{73141AA7-C98F-8FDC-6DCE-73C36F47730E}.Debug|Any CPU.Build.0 = Debug|Any CPU
		{73141AA7-C98F-8FDC-6DCE-73C36F47730E}.Debug|x64.ActiveCfg = Debug|Any CPU
		{73141AA7-C98F-8FDC-6DCE-73C36F47730E}.Debug|x64.Build.0 = Debug|Any CPU
		{73141AA7-C98F-8FDC-6DCE-73C36F47730E}.Debug|x86.ActiveCfg = Debug|Any CPU
		{73141AA7-C98F-8FDC-6DCE-73C36F47730E}.Debug|x86.Build.0 = Debug|Any CPU
		{73141AA7-C98F-8FDC-6DCE-73C36F47730E}.Release|Any CPU.ActiveCfg = Release|Any CPU
		{73141AA7-C98F-8FDC-6DCE-73C36F47730E}.Release|Any CPU.Build.0 = Release|Any CPU
		{73141AA7-C98F-8FDC-6DCE-73C36F47730E}.Release|x64.ActiveCfg = Release|Any CPU
		{73141AA7-C98F-8FDC-6DCE-73C36F47730E}.Release|x64.Build.0 = Release|Any CPU
		{73141AA7-C98F-8FDC-6DCE-73C36F47730E}.Release|x86.ActiveCfg = Release|Any CPU
		{73141AA7-C98F-8FDC-6DCE-73C36F47730E}.Release|x86.Build.0 = Release|Any CPU
		{2B12D08F-942B-BA5C-3484-1DE392162717}.Debug|Any CPU.ActiveCfg = Debug|Any CPU
		{2B12D08F-942B-BA5C-3484-1DE392162717}.Debug|Any CPU.Build.0 = Debug|Any CPU
		{2B12D08F-942B-BA5C-3484-1DE392162717}.Debug|x64.ActiveCfg = Debug|Any CPU
		{2B12D08F-942B-BA5C-3484-1DE392162717}.Debug|x64.Build.0 = Debug|Any CPU
		{2B12D08F-942B-BA5C-3484-1DE392162717}.Debug|x86.ActiveCfg = Debug|Any CPU
		{2B12D08F-942B-BA5C-3484-1DE392162717}.Debug|x86.Build.0 = Debug|Any CPU
		{2B12D08F-942B-BA5C-3484-1DE392162717}.Release|Any CPU.ActiveCfg = Release|Any CPU
		{2B12D08F-942B-BA5C-3484-1DE392162717}.Release|Any CPU.Build.0 = Release|Any CPU
		{2B12D08F-942B-BA5C-3484-1DE392162717}.Release|x64.ActiveCfg = Release|Any CPU
		{2B12D08F-942B-BA5C-3484-1DE392162717}.Release|x64.Build.0 = Release|Any CPU
		{2B12D08F-942B-BA5C-3484-1DE392162717}.Release|x86.ActiveCfg = Release|Any CPU
		{2B12D08F-942B-BA5C-3484-1DE392162717}.Release|x86.Build.0 = Release|Any CPU
		{8B7A644F-5A81-F2FE-4C07-D3978D8CCA58}.Debug|Any CPU.ActiveCfg = Debug|Any CPU
		{8B7A644F-5A81-F2FE-4C07-D3978D8CCA58}.Debug|Any CPU.Build.0 = Debug|Any CPU
		{8B7A644F-5A81-F2FE-4C07-D3978D8CCA58}.Debug|x64.ActiveCfg = Debug|Any CPU
		{8B7A644F-5A81-F2FE-4C07-D3978D8CCA58}.Debug|x64.Build.0 = Debug|Any CPU
		{8B7A644F-5A81-F2FE-4C07-D3978D8CCA58}.Debug|x86.ActiveCfg = Debug|Any CPU
		{8B7A644F-5A81-F2FE-4C07-D3978D8CCA58}.Debug|x86.Build.0 = Debug|Any CPU
		{8B7A644F-5A81-F2FE-4C07-D3978D8CCA58}.Release|Any CPU.ActiveCfg = Release|Any CPU
		{8B7A644F-5A81-F2FE-4C07-D3978D8CCA58}.Release|Any CPU.Build.0 = Release|Any CPU
		{8B7A644F-5A81-F2FE-4C07-D3978D8CCA58}.Release|x64.ActiveCfg = Release|Any CPU
		{8B7A644F-5A81-F2FE-4C07-D3978D8CCA58}.Release|x64.Build.0 = Release|Any CPU
		{8B7A644F-5A81-F2FE-4C07-D3978D8CCA58}.Release|x86.ActiveCfg = Release|Any CPU
		{8B7A644F-5A81-F2FE-4C07-D3978D8CCA58}.Release|x86.Build.0 = Release|Any CPU
		{20B1E3F0-E34C-7CDE-FC00-26BBA00358A5}.Debug|Any CPU.ActiveCfg = Debug|Any CPU
		{20B1E3F0-E34C-7CDE-FC00-26BBA00358A5}.Debug|Any CPU.Build.0 = Debug|Any CPU
		{20B1E3F0-E34C-7CDE-FC00-26BBA00358A5}.Debug|x64.ActiveCfg = Debug|Any CPU
		{20B1E3F0-E34C-7CDE-FC00-26BBA00358A5}.Debug|x64.Build.0 = Debug|Any CPU
		{20B1E3F0-E34C-7CDE-FC00-26BBA00358A5}.Debug|x86.ActiveCfg = Debug|Any CPU
		{20B1E3F0-E34C-7CDE-FC00-26BBA00358A5}.Debug|x86.Build.0 = Debug|Any CPU
		{20B1E3F0-E34C-7CDE-FC00-26BBA00358A5}.Release|Any CPU.ActiveCfg = Release|Any CPU
		{20B1E3F0-E34C-7CDE-FC00-26BBA00358A5}.Release|Any CPU.Build.0 = Release|Any CPU
		{20B1E3F0-E34C-7CDE-FC00-26BBA00358A5}.Release|x64.ActiveCfg = Release|Any CPU
		{20B1E3F0-E34C-7CDE-FC00-26BBA00358A5}.Release|x64.Build.0 = Release|Any CPU
		{20B1E3F0-E34C-7CDE-FC00-26BBA00358A5}.Release|x86.ActiveCfg = Release|Any CPU
		{20B1E3F0-E34C-7CDE-FC00-26BBA00358A5}.Release|x86.Build.0 = Release|Any CPU
		{3C2A6AC0-E43B-83EC-9260-1167FCED084E}.Debug|Any CPU.ActiveCfg = Debug|Any CPU
		{3C2A6AC0-E43B-83EC-9260-1167FCED084E}.Debug|Any CPU.Build.0 = Debug|Any CPU
		{3C2A6AC0-E43B-83EC-9260-1167FCED084E}.Debug|x64.ActiveCfg = Debug|Any CPU
		{3C2A6AC0-E43B-83EC-9260-1167FCED084E}.Debug|x64.Build.0 = Debug|Any CPU
		{3C2A6AC0-E43B-83EC-9260-1167FCED084E}.Debug|x86.ActiveCfg = Debug|Any CPU
		{3C2A6AC0-E43B-83EC-9260-1167FCED084E}.Debug|x86.Build.0 = Debug|Any CPU
		{3C2A6AC0-E43B-83EC-9260-1167FCED084E}.Release|Any CPU.ActiveCfg = Release|Any CPU
		{3C2A6AC0-E43B-83EC-9260-1167FCED084E}.Release|Any CPU.Build.0 = Release|Any CPU
		{3C2A6AC0-E43B-83EC-9260-1167FCED084E}.Release|x64.ActiveCfg = Release|Any CPU
		{3C2A6AC0-E43B-83EC-9260-1167FCED084E}.Release|x64.Build.0 = Release|Any CPU
		{3C2A6AC0-E43B-83EC-9260-1167FCED084E}.Release|x86.ActiveCfg = Release|Any CPU
		{3C2A6AC0-E43B-83EC-9260-1167FCED084E}.Release|x86.Build.0 = Release|Any CPU
		{9D167EEA-7D1B-9AC5-1F2F-F5AE6FD340F5}.Debug|Any CPU.ActiveCfg = Debug|Any CPU
		{9D167EEA-7D1B-9AC5-1F2F-F5AE6FD340F5}.Debug|Any CPU.Build.0 = Debug|Any CPU
		{9D167EEA-7D1B-9AC5-1F2F-F5AE6FD340F5}.Debug|x64.ActiveCfg = Debug|Any CPU
		{9D167EEA-7D1B-9AC5-1F2F-F5AE6FD340F5}.Debug|x64.Build.0 = Debug|Any CPU
		{9D167EEA-7D1B-9AC5-1F2F-F5AE6FD340F5}.Debug|x86.ActiveCfg = Debug|Any CPU
		{9D167EEA-7D1B-9AC5-1F2F-F5AE6FD340F5}.Debug|x86.Build.0 = Debug|Any CPU
		{9D167EEA-7D1B-9AC5-1F2F-F5AE6FD340F5}.Release|Any CPU.ActiveCfg = Release|Any CPU
		{9D167EEA-7D1B-9AC5-1F2F-F5AE6FD340F5}.Release|Any CPU.Build.0 = Release|Any CPU
		{9D167EEA-7D1B-9AC5-1F2F-F5AE6FD340F5}.Release|x64.ActiveCfg = Release|Any CPU
		{9D167EEA-7D1B-9AC5-1F2F-F5AE6FD340F5}.Release|x64.Build.0 = Release|Any CPU
		{9D167EEA-7D1B-9AC5-1F2F-F5AE6FD340F5}.Release|x86.ActiveCfg = Release|Any CPU
		{9D167EEA-7D1B-9AC5-1F2F-F5AE6FD340F5}.Release|x86.Build.0 = Release|Any CPU
		{23191FAD-073A-48BA-8EF4-95EE8B67B185}.Debug|Any CPU.ActiveCfg = Debug|Any CPU
		{23191FAD-073A-48BA-8EF4-95EE8B67B185}.Debug|Any CPU.Build.0 = Debug|Any CPU
		{23191FAD-073A-48BA-8EF4-95EE8B67B185}.Debug|x64.ActiveCfg = Debug|Any CPU
		{23191FAD-073A-48BA-8EF4-95EE8B67B185}.Debug|x64.Build.0 = Debug|Any CPU
		{23191FAD-073A-48BA-8EF4-95EE8B67B185}.Debug|x86.ActiveCfg = Debug|Any CPU
		{23191FAD-073A-48BA-8EF4-95EE8B67B185}.Debug|x86.Build.0 = Debug|Any CPU
		{23191FAD-073A-48BA-8EF4-95EE8B67B185}.Release|Any CPU.ActiveCfg = Release|Any CPU
		{23191FAD-073A-48BA-8EF4-95EE8B67B185}.Release|Any CPU.Build.0 = Release|Any CPU
		{23191FAD-073A-48BA-8EF4-95EE8B67B185}.Release|x64.ActiveCfg = Release|Any CPU
		{23191FAD-073A-48BA-8EF4-95EE8B67B185}.Release|x64.Build.0 = Release|Any CPU
		{23191FAD-073A-48BA-8EF4-95EE8B67B185}.Release|x86.ActiveCfg = Release|Any CPU
		{23191FAD-073A-48BA-8EF4-95EE8B67B185}.Release|x86.Build.0 = Release|Any CPU
		{01E9123C-AE50-4AC6-AB46-883BAF92D113}.Debug|Any CPU.ActiveCfg = Debug|Any CPU
		{01E9123C-AE50-4AC6-AB46-883BAF92D113}.Debug|Any CPU.Build.0 = Debug|Any CPU
		{01E9123C-AE50-4AC6-AB46-883BAF92D113}.Debug|x64.ActiveCfg = Debug|Any CPU
		{01E9123C-AE50-4AC6-AB46-883BAF92D113}.Debug|x64.Build.0 = Debug|Any CPU
		{01E9123C-AE50-4AC6-AB46-883BAF92D113}.Debug|x86.ActiveCfg = Debug|Any CPU
		{01E9123C-AE50-4AC6-AB46-883BAF92D113}.Debug|x86.Build.0 = Debug|Any CPU
		{01E9123C-AE50-4AC6-AB46-883BAF92D113}.Release|Any CPU.ActiveCfg = Release|Any CPU
		{01E9123C-AE50-4AC6-AB46-883BAF92D113}.Release|Any CPU.Build.0 = Release|Any CPU
		{01E9123C-AE50-4AC6-AB46-883BAF92D113}.Release|x64.ActiveCfg = Release|Any CPU
		{01E9123C-AE50-4AC6-AB46-883BAF92D113}.Release|x64.Build.0 = Release|Any CPU
		{01E9123C-AE50-4AC6-AB46-883BAF92D113}.Release|x86.ActiveCfg = Release|Any CPU
		{01E9123C-AE50-4AC6-AB46-883BAF92D113}.Release|x86.Build.0 = Release|Any CPU
		{5B2B2F01-17AE-4099-AA37-8D1AE34C8282}.Debug|Any CPU.ActiveCfg = Debug|Any CPU
		{5B2B2F01-17AE-4099-AA37-8D1AE34C8282}.Debug|Any CPU.Build.0 = Debug|Any CPU
		{5B2B2F01-17AE-4099-AA37-8D1AE34C8282}.Debug|x64.ActiveCfg = Debug|Any CPU
		{5B2B2F01-17AE-4099-AA37-8D1AE34C8282}.Debug|x64.Build.0 = Debug|Any CPU
		{5B2B2F01-17AE-4099-AA37-8D1AE34C8282}.Debug|x86.ActiveCfg = Debug|Any CPU
		{5B2B2F01-17AE-4099-AA37-8D1AE34C8282}.Debug|x86.Build.0 = Debug|Any CPU
		{5B2B2F01-17AE-4099-AA37-8D1AE34C8282}.Release|Any CPU.ActiveCfg = Release|Any CPU
		{5B2B2F01-17AE-4099-AA37-8D1AE34C8282}.Release|Any CPU.Build.0 = Release|Any CPU
		{5B2B2F01-17AE-4099-AA37-8D1AE34C8282}.Release|x64.ActiveCfg = Release|Any CPU
		{5B2B2F01-17AE-4099-AA37-8D1AE34C8282}.Release|x64.Build.0 = Release|Any CPU
		{5B2B2F01-17AE-4099-AA37-8D1AE34C8282}.Release|x86.ActiveCfg = Release|Any CPU
		{5B2B2F01-17AE-4099-AA37-8D1AE34C8282}.Release|x86.Build.0 = Release|Any CPU
	EndGlobalSection
	GlobalSection(SolutionProperties) = preSolution
		HideSolutionNode = FALSE
	EndGlobalSection
	GlobalSection(NestedProjects) = preSolution
		{9AE2D2C8-72B2-439F-AB46-C0516FBD589D} = {9C5F91EA-B1D4-4F3E-96E0-D407B0AF873B}
		{CA3BA910-CC28-2541-7840-4A469BCC6473} = {9AE2D2C8-72B2-439F-AB46-C0516FBD589D}
		{73141AA7-C98F-8FDC-6DCE-73C36F47730E} = {9AE2D2C8-72B2-439F-AB46-C0516FBD589D}
		{2B12D08F-942B-BA5C-3484-1DE392162717} = {9AE2D2C8-72B2-439F-AB46-C0516FBD589D}
		{8B7A644F-5A81-F2FE-4C07-D3978D8CCA58} = {9AE2D2C8-72B2-439F-AB46-C0516FBD589D}
		{20B1E3F0-E34C-7CDE-FC00-26BBA00358A5} = {9AE2D2C8-72B2-439F-AB46-C0516FBD589D}
		{3C2A6AC0-E43B-83EC-9260-1167FCED084E} = {9AE2D2C8-72B2-439F-AB46-C0516FBD589D}
		{9D167EEA-7D1B-9AC5-1F2F-F5AE6FD340F5} = {02EA681E-C7D8-13C7-8484-4AC65E1B71E8}
		{23191FAD-073A-48BA-8EF4-95EE8B67B185} = {0AB3BF05-4346-4AA6-1389-037BE0695223}
	EndGlobalSection
	GlobalSection(ExtensibilityGlobals) = postSolution
		SolutionGuid = {A6AA552A-9D71-45D1-A5C7-FA8753485B74}
	EndGlobalSection
EndGlobal
