
Microsoft Visual Studio Solution File, Format Version 12.00
# Visual Studio Version 17
VisualStudioVersion = 17.0.31903.59
MinimumVisualStudioVersion = 10.0.40219.1
Project("{FAE04EC0-301F-11D3-BF4B-00C04F79EFBC}") = "Eleon.Host.Module", "Eleon.Host.Module.Full.csproj", "{55F54631-147F-4E90-9705-D67E377BB9F4}"
EndProject
Project("{FAE04EC0-301F-11D3-BF4B-00C04F79EFBC}") = "Eleon.AbpSdk.Lib", "..\..\libs\Eleon.AbpSdk.Lib\Eleon.AbpSdk.Lib.Full.csproj", "{29CCE8BD-C59D-472F-ADD7-D59805235473}"
EndProject
Project("{FAE04EC0-301F-11D3-BF4B-00C04F79EFBC}") = "Eleon.Common.Lib", "..\..\libs\Eleon.Common.Lib\Eleon.Common.Lib.Full.csproj", "{B259B65C-84C5-4864-B666-6CFD35C39109}"
EndProject
Project("{FAE04EC0-301F-11D3-BF4B-00C04F79EFBC}") = "Eleon.Logging.Lib", "..\..\libs\Eleon.Logging.Lib\Eleon.Logging.Lib.Full.csproj", "{7598EA30-5A4A-4AE2-AC0D-5058849BBB66}"
EndProject
Project("{FAE04EC0-301F-11D3-BF4B-00C04F79EFBC}") = "Eleon.HealthChecks.Lib", "..\..\libs\Eleon.HealthChecks.Lib\Eleon.HealthChecks.Lib.Full.csproj", "{474617A0-50E3-414D-A374-6DD20158766A}"
EndProject
Project("{FAE04EC0-301F-11D3-BF4B-00C04F79EFBC}") = "Eleon.Migration.Lib", "..\..\libs\Eleon.Migration.Lib\Eleon.Migration.Lib.Full.csproj", "{8F0ABFC5-1125-4855-B792-533075D7D0D7}"
EndProject
Project("{FAE04EC0-301F-11D3-BF4B-00C04F79EFBC}") = "Eleon.Telemetry.Lib", "..\..\libs\Eleon.Telemetry.Lib\Eleon.Telemetry.Lib.Full.csproj", "{4B7495D9-18EB-41A2-B2EF-5906A6816449}"
EndProject
Project("{FAE04EC0-301F-11D3-BF4B-00C04F79EFBC}") = "Eleon.ErrorHandling.Lib", "..\..\libs\Eleon.ErrorHandling.Lib\Eleon.ErrorHandling.Lib.Full.csproj", "{0392B203-8C46-428F-9D21-31F3AF0A4A2F}"
EndProject
Project("{FAE04EC0-301F-11D3-BF4B-00C04F79EFBC}") = "Eleon.Startup.Lib", "..\..\libs\Eleon.Startup.Lib\Eleon.Startup.Lib.Full.csproj", "{3961B0B3-C688-4AB5-A77A-AE92CBC2A0B7}"
EndProject
Global
	GlobalSection(SolutionConfigurationPlatforms) = preSolution
		Debug|Any CPU = Debug|Any CPU
		Debug|x64 = Debug|x64
		Debug|x86 = Debug|x86
		ImmuRelease|Any CPU = ImmuRelease|Any CPU
		ImmuRelease|x64 = ImmuRelease|x64
		ImmuRelease|x86 = ImmuRelease|x86
		QA|Any CPU = QA|Any CPU
		QA|x64 = QA|x64
		QA|x86 = QA|x86
		Release|Any CPU = Release|Any CPU
		Release|x64 = Release|x64
		Release|x86 = Release|x86
	EndGlobalSection
	GlobalSection(ProjectConfigurationPlatforms) = postSolution
		{55F54631-147F-4E90-9705-D67E377BB9F4}.Debug|Any CPU.ActiveCfg = Debug|Any CPU
		{55F54631-147F-4E90-9705-D67E377BB9F4}.Debug|Any CPU.Build.0 = Debug|Any CPU
		{55F54631-147F-4E90-9705-D67E377BB9F4}.Debug|x64.ActiveCfg = Debug|Any CPU
		{55F54631-147F-4E90-9705-D67E377BB9F4}.Debug|x64.Build.0 = Debug|Any CPU
		{55F54631-147F-4E90-9705-D67E377BB9F4}.Debug|x86.ActiveCfg = Debug|Any CPU
		{55F54631-147F-4E90-9705-D67E377BB9F4}.Debug|x86.Build.0 = Debug|Any CPU
		{55F54631-147F-4E90-9705-D67E377BB9F4}.ImmuRelease|Any CPU.ActiveCfg = ImmuRelease|Any CPU
		{55F54631-147F-4E90-9705-D67E377BB9F4}.ImmuRelease|Any CPU.Build.0 = ImmuRelease|Any CPU
		{55F54631-147F-4E90-9705-D67E377BB9F4}.ImmuRelease|x64.ActiveCfg = ImmuRelease|Any CPU
		{55F54631-147F-4E90-9705-D67E377BB9F4}.ImmuRelease|x64.Build.0 = ImmuRelease|Any CPU
		{55F54631-147F-4E90-9705-D67E377BB9F4}.ImmuRelease|x86.ActiveCfg = ImmuRelease|Any CPU
		{55F54631-147F-4E90-9705-D67E377BB9F4}.ImmuRelease|x86.Build.0 = ImmuRelease|Any CPU
		{55F54631-147F-4E90-9705-D67E377BB9F4}.QA|Any CPU.ActiveCfg = QA|Any CPU
		{55F54631-147F-4E90-9705-D67E377BB9F4}.QA|Any CPU.Build.0 = QA|Any CPU
		{55F54631-147F-4E90-9705-D67E377BB9F4}.QA|x64.ActiveCfg = QA|Any CPU
		{55F54631-147F-4E90-9705-D67E377BB9F4}.QA|x64.Build.0 = QA|Any CPU
		{55F54631-147F-4E90-9705-D67E377BB9F4}.QA|x86.ActiveCfg = QA|Any CPU
		{55F54631-147F-4E90-9705-D67E377BB9F4}.QA|x86.Build.0 = QA|Any CPU
		{55F54631-147F-4E90-9705-D67E377BB9F4}.Release|Any CPU.ActiveCfg = Release|Any CPU
		{55F54631-147F-4E90-9705-D67E377BB9F4}.Release|Any CPU.Build.0 = Release|Any CPU
		{55F54631-147F-4E90-9705-D67E377BB9F4}.Release|x64.ActiveCfg = Release|Any CPU
		{55F54631-147F-4E90-9705-D67E377BB9F4}.Release|x64.Build.0 = Release|Any CPU
		{55F54631-147F-4E90-9705-D67E377BB9F4}.Release|x86.ActiveCfg = Release|Any CPU
		{55F54631-147F-4E90-9705-D67E377BB9F4}.Release|x86.Build.0 = Release|Any CPU
		{29CCE8BD-C59D-472F-ADD7-D59805235473}.Debug|Any CPU.ActiveCfg = Debug|Any CPU
		{29CCE8BD-C59D-472F-ADD7-D59805235473}.Debug|Any CPU.Build.0 = Debug|Any CPU
		{29CCE8BD-C59D-472F-ADD7-D59805235473}.Debug|x64.ActiveCfg = Debug|Any CPU
		{29CCE8BD-C59D-472F-ADD7-D59805235473}.Debug|x64.Build.0 = Debug|Any CPU
		{29CCE8BD-C59D-472F-ADD7-D59805235473}.Debug|x86.ActiveCfg = Debug|Any CPU
		{29CCE8BD-C59D-472F-ADD7-D59805235473}.Debug|x86.Build.0 = Debug|Any CPU
		{29CCE8BD-C59D-472F-ADD7-D59805235473}.ImmuRelease|Any CPU.ActiveCfg = ImmuRelease|Any CPU
		{29CCE8BD-C59D-472F-ADD7-D59805235473}.ImmuRelease|Any CPU.Build.0 = ImmuRelease|Any CPU
		{29CCE8BD-C59D-472F-ADD7-D59805235473}.ImmuRelease|x64.ActiveCfg = ImmuRelease|Any CPU
		{29CCE8BD-C59D-472F-ADD7-D59805235473}.ImmuRelease|x64.Build.0 = ImmuRelease|Any CPU
		{29CCE8BD-C59D-472F-ADD7-D59805235473}.ImmuRelease|x86.ActiveCfg = ImmuRelease|Any CPU
		{29CCE8BD-C59D-472F-ADD7-D59805235473}.ImmuRelease|x86.Build.0 = ImmuRelease|Any CPU
		{29CCE8BD-C59D-472F-ADD7-D59805235473}.QA|Any CPU.ActiveCfg = QA|Any CPU
		{29CCE8BD-C59D-472F-ADD7-D59805235473}.QA|Any CPU.Build.0 = QA|Any CPU
		{29CCE8BD-C59D-472F-ADD7-D59805235473}.QA|x64.ActiveCfg = QA|Any CPU
		{29CCE8BD-C59D-472F-ADD7-D59805235473}.QA|x64.Build.0 = QA|Any CPU
		{29CCE8BD-C59D-472F-ADD7-D59805235473}.QA|x86.ActiveCfg = QA|Any CPU
		{29CCE8BD-C59D-472F-ADD7-D59805235473}.QA|x86.Build.0 = QA|Any CPU
		{29CCE8BD-C59D-472F-ADD7-D59805235473}.Release|Any CPU.ActiveCfg = Release|Any CPU
		{29CCE8BD-C59D-472F-ADD7-D59805235473}.Release|Any CPU.Build.0 = Release|Any CPU
		{29CCE8BD-C59D-472F-ADD7-D59805235473}.Release|x64.ActiveCfg = Release|Any CPU
		{29CCE8BD-C59D-472F-ADD7-D59805235473}.Release|x64.Build.0 = Release|Any CPU
		{29CCE8BD-C59D-472F-ADD7-D59805235473}.Release|x86.ActiveCfg = Release|Any CPU
		{29CCE8BD-C59D-472F-ADD7-D59805235473}.Release|x86.Build.0 = Release|Any CPU
		{B259B65C-84C5-4864-B666-6CFD35C39109}.Debug|Any CPU.ActiveCfg = Debug|Any CPU
		{B259B65C-84C5-4864-B666-6CFD35C39109}.Debug|Any CPU.Build.0 = Debug|Any CPU
		{B259B65C-84C5-4864-B666-6CFD35C39109}.Debug|x64.ActiveCfg = Debug|Any CPU
		{B259B65C-84C5-4864-B666-6CFD35C39109}.Debug|x64.Build.0 = Debug|Any CPU
		{B259B65C-84C5-4864-B666-6CFD35C39109}.Debug|x86.ActiveCfg = Debug|Any CPU
		{B259B65C-84C5-4864-B666-6CFD35C39109}.Debug|x86.Build.0 = Debug|Any CPU
		{B259B65C-84C5-4864-B666-6CFD35C39109}.ImmuRelease|Any CPU.ActiveCfg = ImmuRelease|Any CPU
		{B259B65C-84C5-4864-B666-6CFD35C39109}.ImmuRelease|Any CPU.Build.0 = ImmuRelease|Any CPU
		{B259B65C-84C5-4864-B666-6CFD35C39109}.ImmuRelease|x64.ActiveCfg = ImmuRelease|Any CPU
		{B259B65C-84C5-4864-B666-6CFD35C39109}.ImmuRelease|x64.Build.0 = ImmuRelease|Any CPU
		{B259B65C-84C5-4864-B666-6CFD35C39109}.ImmuRelease|x86.ActiveCfg = ImmuRelease|Any CPU
		{B259B65C-84C5-4864-B666-6CFD35C39109}.ImmuRelease|x86.Build.0 = ImmuRelease|Any CPU
		{B259B65C-84C5-4864-B666-6CFD35C39109}.QA|Any CPU.ActiveCfg = QA|Any CPU
		{B259B65C-84C5-4864-B666-6CFD35C39109}.QA|Any CPU.Build.0 = QA|Any CPU
		{B259B65C-84C5-4864-B666-6CFD35C39109}.QA|x64.ActiveCfg = QA|Any CPU
		{B259B65C-84C5-4864-B666-6CFD35C39109}.QA|x64.Build.0 = QA|Any CPU
		{B259B65C-84C5-4864-B666-6CFD35C39109}.QA|x86.ActiveCfg = QA|Any CPU
		{B259B65C-84C5-4864-B666-6CFD35C39109}.QA|x86.Build.0 = QA|Any CPU
		{B259B65C-84C5-4864-B666-6CFD35C39109}.Release|Any CPU.ActiveCfg = Release|Any CPU
		{B259B65C-84C5-4864-B666-6CFD35C39109}.Release|Any CPU.Build.0 = Release|Any CPU
		{B259B65C-84C5-4864-B666-6CFD35C39109}.Release|x64.ActiveCfg = Release|Any CPU
		{B259B65C-84C5-4864-B666-6CFD35C39109}.Release|x64.Build.0 = Release|Any CPU
		{B259B65C-84C5-4864-B666-6CFD35C39109}.Release|x86.ActiveCfg = Release|Any CPU
		{B259B65C-84C5-4864-B666-6CFD35C39109}.Release|x86.Build.0 = Release|Any CPU
		{7598EA30-5A4A-4AE2-AC0D-5058849BBB66}.Debug|Any CPU.ActiveCfg = Debug|Any CPU
		{7598EA30-5A4A-4AE2-AC0D-5058849BBB66}.Debug|Any CPU.Build.0 = Debug|Any CPU
		{7598EA30-5A4A-4AE2-AC0D-5058849BBB66}.Debug|x64.ActiveCfg = Debug|Any CPU
		{7598EA30-5A4A-4AE2-AC0D-5058849BBB66}.Debug|x64.Build.0 = Debug|Any CPU
		{7598EA30-5A4A-4AE2-AC0D-5058849BBB66}.Debug|x86.ActiveCfg = Debug|Any CPU
		{7598EA30-5A4A-4AE2-AC0D-5058849BBB66}.Debug|x86.Build.0 = Debug|Any CPU
		{7598EA30-5A4A-4AE2-AC0D-5058849BBB66}.ImmuRelease|Any CPU.ActiveCfg = ImmuRelease|Any CPU
		{7598EA30-5A4A-4AE2-AC0D-5058849BBB66}.ImmuRelease|Any CPU.Build.0 = ImmuRelease|Any CPU
		{7598EA30-5A4A-4AE2-AC0D-5058849BBB66}.ImmuRelease|x64.ActiveCfg = ImmuRelease|Any CPU
		{7598EA30-5A4A-4AE2-AC0D-5058849BBB66}.ImmuRelease|x64.Build.0 = ImmuRelease|Any CPU
		{7598EA30-5A4A-4AE2-AC0D-5058849BBB66}.ImmuRelease|x86.ActiveCfg = ImmuRelease|Any CPU
		{7598EA30-5A4A-4AE2-AC0D-5058849BBB66}.ImmuRelease|x86.Build.0 = ImmuRelease|Any CPU
		{7598EA30-5A4A-4AE2-AC0D-5058849BBB66}.QA|Any CPU.ActiveCfg = QA|Any CPU
		{7598EA30-5A4A-4AE2-AC0D-5058849BBB66}.QA|Any CPU.Build.0 = QA|Any CPU
		{7598EA30-5A4A-4AE2-AC0D-5058849BBB66}.QA|x64.ActiveCfg = QA|Any CPU
		{7598EA30-5A4A-4AE2-AC0D-5058849BBB66}.QA|x64.Build.0 = QA|Any CPU
		{7598EA30-5A4A-4AE2-AC0D-5058849BBB66}.QA|x86.ActiveCfg = QA|Any CPU
		{7598EA30-5A4A-4AE2-AC0D-5058849BBB66}.QA|x86.Build.0 = QA|Any CPU
		{7598EA30-5A4A-4AE2-AC0D-5058849BBB66}.Release|Any CPU.ActiveCfg = Release|Any CPU
		{7598EA30-5A4A-4AE2-AC0D-5058849BBB66}.Release|Any CPU.Build.0 = Release|Any CPU
		{7598EA30-5A4A-4AE2-AC0D-5058849BBB66}.Release|x64.ActiveCfg = Release|Any CPU
		{7598EA30-5A4A-4AE2-AC0D-5058849BBB66}.Release|x64.Build.0 = Release|Any CPU
		{7598EA30-5A4A-4AE2-AC0D-5058849BBB66}.Release|x86.ActiveCfg = Release|Any CPU
		{7598EA30-5A4A-4AE2-AC0D-5058849BBB66}.Release|x86.Build.0 = Release|Any CPU
		{474617A0-50E3-414D-A374-6DD20158766A}.Debug|Any CPU.ActiveCfg = Debug|Any CPU
		{474617A0-50E3-414D-A374-6DD20158766A}.Debug|Any CPU.Build.0 = Debug|Any CPU
		{474617A0-50E3-414D-A374-6DD20158766A}.Debug|x64.ActiveCfg = Debug|Any CPU
		{474617A0-50E3-414D-A374-6DD20158766A}.Debug|x64.Build.0 = Debug|Any CPU
		{474617A0-50E3-414D-A374-6DD20158766A}.Debug|x86.ActiveCfg = Debug|Any CPU
		{474617A0-50E3-414D-A374-6DD20158766A}.Debug|x86.Build.0 = Debug|Any CPU
		{474617A0-50E3-414D-A374-6DD20158766A}.ImmuRelease|Any CPU.ActiveCfg = ImmuRelease|Any CPU
		{474617A0-50E3-414D-A374-6DD20158766A}.ImmuRelease|Any CPU.Build.0 = ImmuRelease|Any CPU
		{474617A0-50E3-414D-A374-6DD20158766A}.ImmuRelease|x64.ActiveCfg = ImmuRelease|Any CPU
		{474617A0-50E3-414D-A374-6DD20158766A}.ImmuRelease|x64.Build.0 = ImmuRelease|Any CPU
		{474617A0-50E3-414D-A374-6DD20158766A}.ImmuRelease|x86.ActiveCfg = ImmuRelease|Any CPU
		{474617A0-50E3-414D-A374-6DD20158766A}.ImmuRelease|x86.Build.0 = ImmuRelease|Any CPU
		{474617A0-50E3-414D-A374-6DD20158766A}.QA|Any CPU.ActiveCfg = QA|Any CPU
		{474617A0-50E3-414D-A374-6DD20158766A}.QA|Any CPU.Build.0 = QA|Any CPU
		{474617A0-50E3-414D-A374-6DD20158766A}.QA|x64.ActiveCfg = QA|Any CPU
		{474617A0-50E3-414D-A374-6DD20158766A}.QA|x64.Build.0 = QA|Any CPU
		{474617A0-50E3-414D-A374-6DD20158766A}.QA|x86.ActiveCfg = QA|Any CPU
		{474617A0-50E3-414D-A374-6DD20158766A}.QA|x86.Build.0 = QA|Any CPU
		{474617A0-50E3-414D-A374-6DD20158766A}.Release|Any CPU.ActiveCfg = Release|Any CPU
		{474617A0-50E3-414D-A374-6DD20158766A}.Release|Any CPU.Build.0 = Release|Any CPU
		{474617A0-50E3-414D-A374-6DD20158766A}.Release|x64.ActiveCfg = Release|Any CPU
		{474617A0-50E3-414D-A374-6DD20158766A}.Release|x64.Build.0 = Release|Any CPU
		{474617A0-50E3-414D-A374-6DD20158766A}.Release|x86.ActiveCfg = Release|Any CPU
		{474617A0-50E3-414D-A374-6DD20158766A}.Release|x86.Build.0 = Release|Any CPU
		{8F0ABFC5-1125-4855-B792-533075D7D0D7}.Debug|Any CPU.ActiveCfg = Debug|Any CPU
		{8F0ABFC5-1125-4855-B792-533075D7D0D7}.Debug|Any CPU.Build.0 = Debug|Any CPU
		{8F0ABFC5-1125-4855-B792-533075D7D0D7}.Debug|x64.ActiveCfg = Debug|Any CPU
		{8F0ABFC5-1125-4855-B792-533075D7D0D7}.Debug|x64.Build.0 = Debug|Any CPU
		{8F0ABFC5-1125-4855-B792-533075D7D0D7}.Debug|x86.ActiveCfg = Debug|Any CPU
		{8F0ABFC5-1125-4855-B792-533075D7D0D7}.Debug|x86.Build.0 = Debug|Any CPU
		{8F0ABFC5-1125-4855-B792-533075D7D0D7}.ImmuRelease|Any CPU.ActiveCfg = Debug|Any CPU
		{8F0ABFC5-1125-4855-B792-533075D7D0D7}.ImmuRelease|Any CPU.Build.0 = Debug|Any CPU
		{8F0ABFC5-1125-4855-B792-533075D7D0D7}.ImmuRelease|x64.ActiveCfg = Debug|Any CPU
		{8F0ABFC5-1125-4855-B792-533075D7D0D7}.ImmuRelease|x64.Build.0 = Debug|Any CPU
		{8F0ABFC5-1125-4855-B792-533075D7D0D7}.ImmuRelease|x86.ActiveCfg = Debug|Any CPU
		{8F0ABFC5-1125-4855-B792-533075D7D0D7}.ImmuRelease|x86.Build.0 = Debug|Any CPU
		{8F0ABFC5-1125-4855-B792-533075D7D0D7}.QA|Any CPU.ActiveCfg = Debug|Any CPU
		{8F0ABFC5-1125-4855-B792-533075D7D0D7}.QA|Any CPU.Build.0 = Debug|Any CPU
		{8F0ABFC5-1125-4855-B792-533075D7D0D7}.QA|x64.ActiveCfg = Debug|Any CPU
		{8F0ABFC5-1125-4855-B792-533075D7D0D7}.QA|x64.Build.0 = Debug|Any CPU
		{8F0ABFC5-1125-4855-B792-533075D7D0D7}.QA|x86.ActiveCfg = Debug|Any CPU
		{8F0ABFC5-1125-4855-B792-533075D7D0D7}.QA|x86.Build.0 = Debug|Any CPU
		{8F0ABFC5-1125-4855-B792-533075D7D0D7}.Release|Any CPU.ActiveCfg = Release|Any CPU
		{8F0ABFC5-1125-4855-B792-533075D7D0D7}.Release|Any CPU.Build.0 = Release|Any CPU
		{8F0ABFC5-1125-4855-B792-533075D7D0D7}.Release|x64.ActiveCfg = Release|Any CPU
		{8F0ABFC5-1125-4855-B792-533075D7D0D7}.Release|x64.Build.0 = Release|Any CPU
		{8F0ABFC5-1125-4855-B792-533075D7D0D7}.Release|x86.ActiveCfg = Release|Any CPU
		{8F0ABFC5-1125-4855-B792-533075D7D0D7}.Release|x86.Build.0 = Release|Any CPU
		{4B7495D9-18EB-41A2-B2EF-5906A6816449}.Debug|Any CPU.ActiveCfg = Debug|Any CPU
		{4B7495D9-18EB-41A2-B2EF-5906A6816449}.Debug|Any CPU.Build.0 = Debug|Any CPU
		{4B7495D9-18EB-41A2-B2EF-5906A6816449}.Debug|x64.ActiveCfg = Debug|Any CPU
		{4B7495D9-18EB-41A2-B2EF-5906A6816449}.Debug|x64.Build.0 = Debug|Any CPU
		{4B7495D9-18EB-41A2-B2EF-5906A6816449}.Debug|x86.ActiveCfg = Debug|Any CPU
		{4B7495D9-18EB-41A2-B2EF-5906A6816449}.Debug|x86.Build.0 = Debug|Any CPU
		{4B7495D9-18EB-41A2-B2EF-5906A6816449}.ImmuRelease|Any CPU.ActiveCfg = ImmuRelease|Any CPU
		{4B7495D9-18EB-41A2-B2EF-5906A6816449}.ImmuRelease|Any CPU.Build.0 = ImmuRelease|Any CPU
		{4B7495D9-18EB-41A2-B2EF-5906A6816449}.ImmuRelease|x64.ActiveCfg = ImmuRelease|Any CPU
		{4B7495D9-18EB-41A2-B2EF-5906A6816449}.ImmuRelease|x64.Build.0 = ImmuRelease|Any CPU
		{4B7495D9-18EB-41A2-B2EF-5906A6816449}.ImmuRelease|x86.ActiveCfg = ImmuRelease|Any CPU
		{4B7495D9-18EB-41A2-B2EF-5906A6816449}.ImmuRelease|x86.Build.0 = ImmuRelease|Any CPU
		{4B7495D9-18EB-41A2-B2EF-5906A6816449}.QA|Any CPU.ActiveCfg = QA|Any CPU
		{4B7495D9-18EB-41A2-B2EF-5906A6816449}.QA|Any CPU.Build.0 = QA|Any CPU
		{4B7495D9-18EB-41A2-B2EF-5906A6816449}.QA|x64.ActiveCfg = QA|Any CPU
		{4B7495D9-18EB-41A2-B2EF-5906A6816449}.QA|x64.Build.0 = QA|Any CPU
		{4B7495D9-18EB-41A2-B2EF-5906A6816449}.QA|x86.ActiveCfg = QA|Any CPU
		{4B7495D9-18EB-41A2-B2EF-5906A6816449}.QA|x86.Build.0 = QA|Any CPU
		{4B7495D9-18EB-41A2-B2EF-5906A6816449}.Release|Any CPU.ActiveCfg = Release|Any CPU
		{4B7495D9-18EB-41A2-B2EF-5906A6816449}.Release|Any CPU.Build.0 = Release|Any CPU
		{4B7495D9-18EB-41A2-B2EF-5906A6816449}.Release|x64.ActiveCfg = Release|Any CPU
		{4B7495D9-18EB-41A2-B2EF-5906A6816449}.Release|x64.Build.0 = Release|Any CPU
		{4B7495D9-18EB-41A2-B2EF-5906A6816449}.Release|x86.ActiveCfg = Release|Any CPU
		{4B7495D9-18EB-41A2-B2EF-5906A6816449}.Release|x86.Build.0 = Release|Any CPU
		{0392B203-8C46-428F-9D21-31F3AF0A4A2F}.Debug|Any CPU.ActiveCfg = Debug|Any CPU
		{0392B203-8C46-428F-9D21-31F3AF0A4A2F}.Debug|Any CPU.Build.0 = Debug|Any CPU
		{0392B203-8C46-428F-9D21-31F3AF0A4A2F}.Debug|x64.ActiveCfg = Debug|Any CPU
		{0392B203-8C46-428F-9D21-31F3AF0A4A2F}.Debug|x64.Build.0 = Debug|Any CPU
		{0392B203-8C46-428F-9D21-31F3AF0A4A2F}.Debug|x86.ActiveCfg = Debug|Any CPU
		{0392B203-8C46-428F-9D21-31F3AF0A4A2F}.Debug|x86.Build.0 = Debug|Any CPU
		{0392B203-8C46-428F-9D21-31F3AF0A4A2F}.ImmuRelease|Any CPU.ActiveCfg = ImmuRelease|Any CPU
		{0392B203-8C46-428F-9D21-31F3AF0A4A2F}.ImmuRelease|Any CPU.Build.0 = ImmuRelease|Any CPU
		{0392B203-8C46-428F-9D21-31F3AF0A4A2F}.ImmuRelease|x64.ActiveCfg = ImmuRelease|Any CPU
		{0392B203-8C46-428F-9D21-31F3AF0A4A2F}.ImmuRelease|x64.Build.0 = ImmuRelease|Any CPU
		{0392B203-8C46-428F-9D21-31F3AF0A4A2F}.ImmuRelease|x86.ActiveCfg = ImmuRelease|Any CPU
		{0392B203-8C46-428F-9D21-31F3AF0A4A2F}.ImmuRelease|x86.Build.0 = ImmuRelease|Any CPU
		{0392B203-8C46-428F-9D21-31F3AF0A4A2F}.QA|Any CPU.ActiveCfg = QA|Any CPU
		{0392B203-8C46-428F-9D21-31F3AF0A4A2F}.QA|Any CPU.Build.0 = QA|Any CPU
		{0392B203-8C46-428F-9D21-31F3AF0A4A2F}.QA|x64.ActiveCfg = QA|Any CPU
		{0392B203-8C46-428F-9D21-31F3AF0A4A2F}.QA|x64.Build.0 = QA|Any CPU
		{0392B203-8C46-428F-9D21-31F3AF0A4A2F}.QA|x86.ActiveCfg = QA|Any CPU
		{0392B203-8C46-428F-9D21-31F3AF0A4A2F}.QA|x86.Build.0 = QA|Any CPU
		{0392B203-8C46-428F-9D21-31F3AF0A4A2F}.Release|Any CPU.ActiveCfg = Release|Any CPU
		{0392B203-8C46-428F-9D21-31F3AF0A4A2F}.Release|Any CPU.Build.0 = Release|Any CPU
		{0392B203-8C46-428F-9D21-31F3AF0A4A2F}.Release|x64.ActiveCfg = Release|Any CPU
		{0392B203-8C46-428F-9D21-31F3AF0A4A2F}.Release|x64.Build.0 = Release|Any CPU
		{0392B203-8C46-428F-9D21-31F3AF0A4A2F}.Release|x86.ActiveCfg = Release|Any CPU
		{0392B203-8C46-428F-9D21-31F3AF0A4A2F}.Release|x86.Build.0 = Release|Any CPU
		{3961B0B3-C688-4AB5-A77A-AE92CBC2A0B7}.Debug|Any CPU.ActiveCfg = Debug|Any CPU
		{3961B0B3-C688-4AB5-A77A-AE92CBC2A0B7}.Debug|Any CPU.Build.0 = Debug|Any CPU
		{3961B0B3-C688-4AB5-A77A-AE92CBC2A0B7}.Debug|x64.ActiveCfg = Debug|Any CPU
		{3961B0B3-C688-4AB5-A77A-AE92CBC2A0B7}.Debug|x64.Build.0 = Debug|Any CPU
		{3961B0B3-C688-4AB5-A77A-AE92CBC2A0B7}.Debug|x86.ActiveCfg = Debug|Any CPU
		{3961B0B3-C688-4AB5-A77A-AE92CBC2A0B7}.Debug|x86.Build.0 = Debug|Any CPU
		{3961B0B3-C688-4AB5-A77A-AE92CBC2A0B7}.ImmuRelease|Any CPU.ActiveCfg = Debug|Any CPU
		{3961B0B3-C688-4AB5-A77A-AE92CBC2A0B7}.ImmuRelease|Any CPU.Build.0 = Debug|Any CPU
		{3961B0B3-C688-4AB5-A77A-AE92CBC2A0B7}.ImmuRelease|x64.ActiveCfg = Debug|Any CPU
		{3961B0B3-C688-4AB5-A77A-AE92CBC2A0B7}.ImmuRelease|x64.Build.0 = Debug|Any CPU
		{3961B0B3-C688-4AB5-A77A-AE92CBC2A0B7}.ImmuRelease|x86.ActiveCfg = Debug|Any CPU
		{3961B0B3-C688-4AB5-A77A-AE92CBC2A0B7}.ImmuRelease|x86.Build.0 = Debug|Any CPU
		{3961B0B3-C688-4AB5-A77A-AE92CBC2A0B7}.QA|Any CPU.ActiveCfg = Debug|Any CPU
		{3961B0B3-C688-4AB5-A77A-AE92CBC2A0B7}.QA|Any CPU.Build.0 = Debug|Any CPU
		{3961B0B3-C688-4AB5-A77A-AE92CBC2A0B7}.QA|x64.ActiveCfg = Debug|Any CPU
		{3961B0B3-C688-4AB5-A77A-AE92CBC2A0B7}.QA|x64.Build.0 = Debug|Any CPU
		{3961B0B3-C688-4AB5-A77A-AE92CBC2A0B7}.QA|x86.ActiveCfg = Debug|Any CPU
		{3961B0B3-C688-4AB5-A77A-AE92CBC2A0B7}.QA|x86.Build.0 = Debug|Any CPU
		{3961B0B3-C688-4AB5-A77A-AE92CBC2A0B7}.Release|Any CPU.ActiveCfg = Release|Any CPU
		{3961B0B3-C688-4AB5-A77A-AE92CBC2A0B7}.Release|Any CPU.Build.0 = Release|Any CPU
		{3961B0B3-C688-4AB5-A77A-AE92CBC2A0B7}.Release|x64.ActiveCfg = Release|Any CPU
		{3961B0B3-C688-4AB5-A77A-AE92CBC2A0B7}.Release|x64.Build.0 = Release|Any CPU
		{3961B0B3-C688-4AB5-A77A-AE92CBC2A0B7}.Release|x86.ActiveCfg = Release|Any CPU
		{3961B0B3-C688-4AB5-A77A-AE92CBC2A0B7}.Release|x86.Build.0 = Release|Any CPU
	EndGlobalSection
	GlobalSection(SolutionProperties) = preSolution
		HideSolutionNode = FALSE
	EndGlobalSection
	GlobalSection(NestedProjects) = preSolution
	EndGlobalSection
	GlobalSection(ExtensibilityGlobals) = postSolution
		SolutionGuid = {FD7A20F0-FE24-4C79-BDAA-FDBDBA252952}
	EndGlobalSection
EndGlobal


