
Microsoft Visual Studio Solution File, Format Version 12.00
# Visual Studio Version 17
VisualStudioVersion = 17.0.31903.59
MinimumVisualStudioVersion = 10.0.40219.1
Project("{FAE04EC0-301F-11D3-BF4B-00C04F79EFBC}") = "Eleon.SystemLog.Module.Full", "Eleon.SystemLog.Module.Full.csproj", "{787CADED-5722-4C39-BD1C-606078AA1478}"
EndProject
Project("{2150E333-8FDC-42A3-9474-1A3956D46DE8}") = "Libs", "Libs", "{02EA681E-C7D8-13C7-8484-4AC65E1B71E8}"
EndProject
Project("{2150E333-8FDC-42A3-9474-1A3956D46DE8}") = "Shared", "Shared", "{9C5F91EA-B1D4-4F3E-96E0-D407B0AF873B}"
EndProject
Project("{2150E333-8FDC-42A3-9474-1A3956D46DE8}") = "Libs", "Libs", "{9AE2D2C8-72B2-439F-AB46-C0516FBD589D}"
EndProject
Project("{FAE04EC0-301F-11D3-BF4B-00C04F79EFBC}") = "Eleon.Common.Lib.Full", "..\\..\\shared\\libs\\Eleon.Common.Lib\\Eleon.Common.Lib.Full.csproj", "{CA3BA910-CC28-2541-7840-4A469BCC6473}"
EndProject
Project("{FAE04EC0-301F-11D3-BF4B-00C04F79EFBC}") = "Eleon.Logging.Lib.Full", "..\\..\\shared\\libs\\Eleon.Logging.Lib\\Eleon.Logging.Lib.Full.csproj", "{73141AA7-C98F-8FDC-6DCE-73C36F47730E}"
EndProject
Project("{FAE04EC0-301F-11D3-BF4B-00C04F79EFBC}") = "Eleon.AbpSdk.Lib.Full", "..\\..\\shared\\libs\\Eleon.AbpSdk.Lib\\Eleon.AbpSdk.Lib.Full.csproj", "{2B12D08F-942B-BA5C-3484-1DE392162717}"
EndProject
Project("{FAE04EC0-301F-11D3-BF4B-00C04F79EFBC}") = "Eleon.Migration.Lib.Full", "..\\..\\shared\\libs\\Eleon.Migration.Lib\\Eleon.Migration.Lib.Full.csproj", "{8B7A644F-5A81-F2FE-4C07-D3978D8CCA58}"
EndProject
Project("{FAE04EC0-301F-11D3-BF4B-00C04F79EFBC}") = "Eleon.HealthChecks.Lib.Full", "..\\..\\shared\\libs\\Eleon.HealthChecks.Lib\\Eleon.HealthChecks.Lib.Full.csproj", "{20B1E3F0-E34C-7CDE-FC00-26BBA00358A5}"
EndProject
Project("{FAE04EC0-301F-11D3-BF4B-00C04F79EFBC}") = "Eleon.Telemetry.Lib.Full", "..\\..\\shared\\libs\\Eleon.Telemetry.Lib\\Eleon.Telemetry.Lib.Full.csproj", "{3C2A6AC0-E43B-83EC-9260-1167FCED084E}"
EndProject
Project("{FAE04EC0-301F-11D3-BF4B-00C04F79EFBC}") = "Eleon.InternalCommons.Lib.Full", "..\\..\\libs\\Eleon.InternalCommons.Lib\\Eleon.InternalCommons.Lib.Full.csproj", "{9D167EEA-7D1B-9AC5-1F2F-F5AE6FD340F5}"
EndProject
Project("{2150E333-8FDC-42A3-9474-1A3956D46DE8}") = "tests", "tests", "{0AB3BF05-4346-4AA6-1389-037BE0695223}"
EndProject
Project("{FAE04EC0-301F-11D3-BF4B-00C04F79EFBC}") = "Eleon.SystemLog.Module.Tests", "tests\Eleon.SystemLog.Module.Tests.csproj", "{5B4C82C9-AE83-4EAC-B62D-8F1904B8F24C}"
EndProject
Project("{FAE04EC0-301F-11D3-BF4B-00C04F79EFBC}") = "Eleon.TestsBase.Lib.Full", "..\..\shared\libs\Eleon.TestsBase.Lib\Eleon.TestsBase.Lib.Full.csproj", "{B583CA1B-FAF7-41E7-BC4F-64A06B95410E}"
EndProject
Project("{FAE04EC0-301F-11D3-BF4B-00C04F79EFBC}") = "Eleon.Logging.Lib.Full", "..\..\shared\libs\Eleon.Logging.Lib\Eleon.Logging.Lib.Full.csproj", "{BAFE1FDA-B1DA-45DF-B1A2-6843DA2898D0}"
EndProject
Global
	GlobalSection(SolutionConfigurationPlatforms) = preSolution
		Debug|Any CPU = Debug|Any CPU
		Debug|x64 = Debug|x64
		Debug|x86 = Debug|x86
		Release|Any CPU = Release|Any CPU
		Release|x64 = Release|x64
		Release|x86 = Release|x86
	EndGlobalSection
	GlobalSection(ProjectConfigurationPlatforms) = postSolution
		{787CADED-5722-4C39-BD1C-606078AA1478}.Debug|Any CPU.ActiveCfg = Debug|Any CPU
		{787CADED-5722-4C39-BD1C-606078AA1478}.Debug|Any CPU.Build.0 = Debug|Any CPU
		{787CADED-5722-4C39-BD1C-606078AA1478}.Debug|x64.ActiveCfg = Debug|Any CPU
		{787CADED-5722-4C39-BD1C-606078AA1478}.Debug|x64.Build.0 = Debug|Any CPU
		{787CADED-5722-4C39-BD1C-606078AA1478}.Debug|x86.ActiveCfg = Debug|Any CPU
		{787CADED-5722-4C39-BD1C-606078AA1478}.Debug|x86.Build.0 = Debug|Any CPU
		{787CADED-5722-4C39-BD1C-606078AA1478}.Release|Any CPU.ActiveCfg = Release|Any CPU
		{787CADED-5722-4C39-BD1C-606078AA1478}.Release|Any CPU.Build.0 = Release|Any CPU
		{787CADED-5722-4C39-BD1C-606078AA1478}.Release|x64.ActiveCfg = Release|Any CPU
		{787CADED-5722-4C39-BD1C-606078AA1478}.Release|x64.Build.0 = Release|Any CPU
		{787CADED-5722-4C39-BD1C-606078AA1478}.Release|x86.ActiveCfg = Release|Any CPU
		{787CADED-5722-4C39-BD1C-606078AA1478}.Release|x86.Build.0 = Release|Any CPU
		{CA3BA910-CC28-2541-7840-4A469BCC6473}.Debug|Any CPU.ActiveCfg = Debug|Any CPU
		{CA3BA910-CC28-2541-7840-4A469BCC6473}.Debug|Any CPU.Build.0 = Debug|Any CPU
		{CA3BA910-CC28-2541-7840-4A469BCC6473}.Debug|x64.ActiveCfg = Debug|Any CPU
		{CA3BA910-CC28-2541-7840-4A469BCC6473}.Debug|x64.Build.0 = Debug|Any CPU
		{CA3BA910-CC28-2541-7840-4A469BCC6473}.Debug|x86.ActiveCfg = Debug|Any CPU
		{CA3BA910-CC28-2541-7840-4A469BCC6473}.Debug|x86.Build.0 = Debug|Any CPU
		{CA3BA910-CC28-2541-7840-4A469BCC6473}.Release|Any CPU.ActiveCfg = Release|Any CPU
		{CA3BA910-CC28-2541-7840-4A469BCC6473}.Release|Any CPU.Build.0 = Release|Any CPU
		{CA3BA910-CC28-2541-7840-4A469BCC6473}.Release|x64.ActiveCfg = Release|Any CPU
		{CA3BA910-CC28-2541-7840-4A469BCC6473}.Release|x64.Build.0 = Release|Any CPU
		{CA3BA910-CC28-2541-7840-4A469BCC6473}.Release|x86.ActiveCfg = Release|Any CPU
		{CA3BA910-CC28-2541-7840-4A469BCC6473}.Release|x86.Build.0 = Release|Any CPU
		{73141AA7-C98F-8FDC-6DCE-73C36F47730E}.Debug|Any CPU.ActiveCfg = Debug|Any CPU
		{73141AA7-C98F-8FDC-6DCE-73C36F47730E}.Debug|Any CPU.Build.0 = Debug|Any CPU
		{73141AA7-C98F-8FDC-6DCE-73C36F47730E}.Debug|x64.ActiveCfg = Debug|Any CPU
		{73141AA7-C98F-8FDC-6DCE-73C36F47730E}.Debug|x64.Build.0 = Debug|Any CPU
		{73141AA7-C98F-8FDC-6DCE-73C36F47730E}.Debug|x86.ActiveCfg = Debug|Any CPU
		{73141AA7-C98F-8FDC-6DCE-73C36F47730E}.Debug|x86.Build.0 = Debug|Any CPU
		{73141AA7-C98F-8FDC-6DCE-73C36F47730E}.Release|Any CPU.ActiveCfg = Release|Any CPU
		{73141AA7-C98F-8FDC-6DCE-73C36F47730E}.Release|Any CPU.Build.0 = Release|Any CPU
		{73141AA7-C98F-8FDC-6DCE-73C36F47730E}.Release|x64.ActiveCfg = Release|Any CPU
		{73141AA7-C98F-8FDC-6DCE-73C36F47730E}.Release|x64.Build.0 = Release|Any CPU
		{73141AA7-C98F-8FDC-6DCE-73C36F47730E}.Release|x86.ActiveCfg = Release|Any CPU
		{73141AA7-C98F-8FDC-6DCE-73C36F47730E}.Release|x86.Build.0 = Release|Any CPU
		{2B12D08F-942B-BA5C-3484-1DE392162717}.Debug|Any CPU.ActiveCfg = Debug|Any CPU
		{2B12D08F-942B-BA5C-3484-1DE392162717}.Debug|Any CPU.Build.0 = Debug|Any CPU
		{2B12D08F-942B-BA5C-3484-1DE392162717}.Debug|x64.ActiveCfg = Debug|Any CPU
		{2B12D08F-942B-BA5C-3484-1DE392162717}.Debug|x64.Build.0 = Debug|Any CPU
		{2B12D08F-942B-BA5C-3484-1DE392162717}.Debug|x86.ActiveCfg = Debug|Any CPU
		{2B12D08F-942B-BA5C-3484-1DE392162717}.Debug|x86.Build.0 = Debug|Any CPU
		{2B12D08F-942B-BA5C-3484-1DE392162717}.Release|Any CPU.ActiveCfg = Release|Any CPU
		{2B12D08F-942B-BA5C-3484-1DE392162717}.Release|Any CPU.Build.0 = Release|Any CPU
		{2B12D08F-942B-BA5C-3484-1DE392162717}.Release|x64.ActiveCfg = Release|Any CPU
		{2B12D08F-942B-BA5C-3484-1DE392162717}.Release|x64.Build.0 = Release|Any CPU
		{2B12D08F-942B-BA5C-3484-1DE392162717}.Release|x86.ActiveCfg = Release|Any CPU
		{2B12D08F-942B-BA5C-3484-1DE392162717}.Release|x86.Build.0 = Release|Any CPU
		{8B7A644F-5A81-F2FE-4C07-D3978D8CCA58}.Debug|Any CPU.ActiveCfg = Debug|Any CPU
		{8B7A644F-5A81-F2FE-4C07-D3978D8CCA58}.Debug|Any CPU.Build.0 = Debug|Any CPU
		{8B7A644F-5A81-F2FE-4C07-D3978D8CCA58}.Debug|x64.ActiveCfg = Debug|Any CPU
		{8B7A644F-5A81-F2FE-4C07-D3978D8CCA58}.Debug|x64.Build.0 = Debug|Any CPU
		{8B7A644F-5A81-F2FE-4C07-D3978D8CCA58}.Debug|x86.ActiveCfg = Debug|Any CPU
		{8B7A644F-5A81-F2FE-4C07-D3978D8CCA58}.Debug|x86.Build.0 = Debug|Any CPU
		{8B7A644F-5A81-F2FE-4C07-D3978D8CCA58}.Release|Any CPU.ActiveCfg = Release|Any CPU
		{8B7A644F-5A81-F2FE-4C07-D3978D8CCA58}.Release|Any CPU.Build.0 = Release|Any CPU
		{8B7A644F-5A81-F2FE-4C07-D3978D8CCA58}.Release|x64.ActiveCfg = Release|Any CPU
		{8B7A644F-5A81-F2FE-4C07-D3978D8CCA58}.Release|x64.Build.0 = Release|Any CPU
		{8B7A644F-5A81-F2FE-4C07-D3978D8CCA58}.Release|x86.ActiveCfg = Release|Any CPU
		{8B7A644F-5A81-F2FE-4C07-D3978D8CCA58}.Release|x86.Build.0 = Release|Any CPU
		{20B1E3F0-E34C-7CDE-FC00-26BBA00358A5}.Debug|Any CPU.ActiveCfg = Debug|Any CPU
		{20B1E3F0-E34C-7CDE-FC00-26BBA00358A5}.Debug|Any CPU.Build.0 = Debug|Any CPU
		{20B1E3F0-E34C-7CDE-FC00-26BBA00358A5}.Debug|x64.ActiveCfg = Debug|Any CPU
		{20B1E3F0-E34C-7CDE-FC00-26BBA00358A5}.Debug|x64.Build.0 = Debug|Any CPU
		{20B1E3F0-E34C-7CDE-FC00-26BBA00358A5}.Debug|x86.ActiveCfg = Debug|Any CPU
		{20B1E3F0-E34C-7CDE-FC00-26BBA00358A5}.Debug|x86.Build.0 = Debug|Any CPU
		{20B1E3F0-E34C-7CDE-FC00-26BBA00358A5}.Release|Any CPU.ActiveCfg = Release|Any CPU
		{20B1E3F0-E34C-7CDE-FC00-26BBA00358A5}.Release|Any CPU.Build.0 = Release|Any CPU
		{20B1E3F0-E34C-7CDE-FC00-26BBA00358A5}.Release|x64.ActiveCfg = Release|Any CPU
		{20B1E3F0-E34C-7CDE-FC00-26BBA00358A5}.Release|x64.Build.0 = Release|Any CPU
		{20B1E3F0-E34C-7CDE-FC00-26BBA00358A5}.Release|x86.ActiveCfg = Release|Any CPU
		{20B1E3F0-E34C-7CDE-FC00-26BBA00358A5}.Release|x86.Build.0 = Release|Any CPU
		{3C2A6AC0-E43B-83EC-9260-1167FCED084E}.Debug|Any CPU.ActiveCfg = Debug|Any CPU
		{3C2A6AC0-E43B-83EC-9260-1167FCED084E}.Debug|Any CPU.Build.0 = Debug|Any CPU
		{3C2A6AC0-E43B-83EC-9260-1167FCED084E}.Debug|x64.ActiveCfg = Debug|Any CPU
		{3C2A6AC0-E43B-83EC-9260-1167FCED084E}.Debug|x64.Build.0 = Debug|Any CPU
		{3C2A6AC0-E43B-83EC-9260-1167FCED084E}.Debug|x86.ActiveCfg = Debug|Any CPU
		{3C2A6AC0-E43B-83EC-9260-1167FCED084E}.Debug|x86.Build.0 = Debug|Any CPU
		{3C2A6AC0-E43B-83EC-9260-1167FCED084E}.Release|Any CPU.ActiveCfg = Release|Any CPU
		{3C2A6AC0-E43B-83EC-9260-1167FCED084E}.Release|Any CPU.Build.0 = Release|Any CPU
		{3C2A6AC0-E43B-83EC-9260-1167FCED084E}.Release|x64.ActiveCfg = Release|Any CPU
		{3C2A6AC0-E43B-83EC-9260-1167FCED084E}.Release|x64.Build.0 = Release|Any CPU
		{3C2A6AC0-E43B-83EC-9260-1167FCED084E}.Release|x86.ActiveCfg = Release|Any CPU
		{3C2A6AC0-E43B-83EC-9260-1167FCED084E}.Release|x86.Build.0 = Release|Any CPU
		{9D167EEA-7D1B-9AC5-1F2F-F5AE6FD340F5}.Debug|Any CPU.ActiveCfg = Debug|Any CPU
		{9D167EEA-7D1B-9AC5-1F2F-F5AE6FD340F5}.Debug|Any CPU.Build.0 = Debug|Any CPU
		{9D167EEA-7D1B-9AC5-1F2F-F5AE6FD340F5}.Debug|x64.ActiveCfg = Debug|Any CPU
		{9D167EEA-7D1B-9AC5-1F2F-F5AE6FD340F5}.Debug|x64.Build.0 = Debug|Any CPU
		{9D167EEA-7D1B-9AC5-1F2F-F5AE6FD340F5}.Debug|x86.ActiveCfg = Debug|Any CPU
		{9D167EEA-7D1B-9AC5-1F2F-F5AE6FD340F5}.Debug|x86.Build.0 = Debug|Any CPU
		{9D167EEA-7D1B-9AC5-1F2F-F5AE6FD340F5}.Release|Any CPU.ActiveCfg = Release|Any CPU
		{9D167EEA-7D1B-9AC5-1F2F-F5AE6FD340F5}.Release|Any CPU.Build.0 = Release|Any CPU
		{9D167EEA-7D1B-9AC5-1F2F-F5AE6FD340F5}.Release|x64.ActiveCfg = Release|Any CPU
		{9D167EEA-7D1B-9AC5-1F2F-F5AE6FD340F5}.Release|x64.Build.0 = Release|Any CPU
		{9D167EEA-7D1B-9AC5-1F2F-F5AE6FD340F5}.Release|x86.ActiveCfg = Release|Any CPU
		{9D167EEA-7D1B-9AC5-1F2F-F5AE6FD340F5}.Release|x86.Build.0 = Release|Any CPU
		{5B4C82C9-AE83-4EAC-B62D-8F1904B8F24C}.Debug|Any CPU.ActiveCfg = Debug|Any CPU
		{5B4C82C9-AE83-4EAC-B62D-8F1904B8F24C}.Debug|Any CPU.Build.0 = Debug|Any CPU
		{5B4C82C9-AE83-4EAC-B62D-8F1904B8F24C}.Debug|x64.ActiveCfg = Debug|Any CPU
		{5B4C82C9-AE83-4EAC-B62D-8F1904B8F24C}.Debug|x64.Build.0 = Debug|Any CPU
		{5B4C82C9-AE83-4EAC-B62D-8F1904B8F24C}.Debug|x86.ActiveCfg = Debug|Any CPU
		{5B4C82C9-AE83-4EAC-B62D-8F1904B8F24C}.Debug|x86.Build.0 = Debug|Any CPU
		{5B4C82C9-AE83-4EAC-B62D-8F1904B8F24C}.Release|Any CPU.ActiveCfg = Release|Any CPU
		{5B4C82C9-AE83-4EAC-B62D-8F1904B8F24C}.Release|Any CPU.Build.0 = Release|Any CPU
		{5B4C82C9-AE83-4EAC-B62D-8F1904B8F24C}.Release|x64.ActiveCfg = Release|Any CPU
		{5B4C82C9-AE83-4EAC-B62D-8F1904B8F24C}.Release|x64.Build.0 = Release|Any CPU
		{5B4C82C9-AE83-4EAC-B62D-8F1904B8F24C}.Release|x86.ActiveCfg = Release|Any CPU
		{5B4C82C9-AE83-4EAC-B62D-8F1904B8F24C}.Release|x86.Build.0 = Release|Any CPU
		{B583CA1B-FAF7-41E7-BC4F-64A06B95410E}.Debug|Any CPU.ActiveCfg = Debug|Any CPU
		{B583CA1B-FAF7-41E7-BC4F-64A06B95410E}.Debug|Any CPU.Build.0 = Debug|Any CPU
		{B583CA1B-FAF7-41E7-BC4F-64A06B95410E}.Debug|x64.ActiveCfg = Debug|Any CPU
		{B583CA1B-FAF7-41E7-BC4F-64A06B95410E}.Debug|x64.Build.0 = Debug|Any CPU
		{B583CA1B-FAF7-41E7-BC4F-64A06B95410E}.Debug|x86.ActiveCfg = Debug|Any CPU
		{B583CA1B-FAF7-41E7-BC4F-64A06B95410E}.Debug|x86.Build.0 = Debug|Any CPU
		{B583CA1B-FAF7-41E7-BC4F-64A06B95410E}.Release|Any CPU.ActiveCfg = Release|Any CPU
		{B583CA1B-FAF7-41E7-BC4F-64A06B95410E}.Release|Any CPU.Build.0 = Release|Any CPU
		{B583CA1B-FAF7-41E7-BC4F-64A06B95410E}.Release|x64.ActiveCfg = Release|Any CPU
		{B583CA1B-FAF7-41E7-BC4F-64A06B95410E}.Release|x64.Build.0 = Release|Any CPU
		{B583CA1B-FAF7-41E7-BC4F-64A06B95410E}.Release|x86.ActiveCfg = Release|Any CPU
		{B583CA1B-FAF7-41E7-BC4F-64A06B95410E}.Release|x86.Build.0 = Release|Any CPU
		{BAFE1FDA-B1DA-45DF-B1A2-6843DA2898D0}.Debug|Any CPU.ActiveCfg = Debug|Any CPU
		{BAFE1FDA-B1DA-45DF-B1A2-6843DA2898D0}.Debug|Any CPU.Build.0 = Debug|Any CPU
		{BAFE1FDA-B1DA-45DF-B1A2-6843DA2898D0}.Debug|x64.ActiveCfg = Debug|Any CPU
		{BAFE1FDA-B1DA-45DF-B1A2-6843DA2898D0}.Debug|x64.Build.0 = Debug|Any CPU
		{BAFE1FDA-B1DA-45DF-B1A2-6843DA2898D0}.Debug|x86.ActiveCfg = Debug|Any CPU
		{BAFE1FDA-B1DA-45DF-B1A2-6843DA2898D0}.Debug|x86.Build.0 = Debug|Any CPU
		{BAFE1FDA-B1DA-45DF-B1A2-6843DA2898D0}.Release|Any CPU.ActiveCfg = Release|Any CPU
		{BAFE1FDA-B1DA-45DF-B1A2-6843DA2898D0}.Release|Any CPU.Build.0 = Release|Any CPU
		{BAFE1FDA-B1DA-45DF-B1A2-6843DA2898D0}.Release|x64.ActiveCfg = Release|Any CPU
		{BAFE1FDA-B1DA-45DF-B1A2-6843DA2898D0}.Release|x64.Build.0 = Release|Any CPU
		{BAFE1FDA-B1DA-45DF-B1A2-6843DA2898D0}.Release|x86.ActiveCfg = Release|Any CPU
		{BAFE1FDA-B1DA-45DF-B1A2-6843DA2898D0}.Release|x86.Build.0 = Release|Any CPU
	EndGlobalSection
	GlobalSection(SolutionProperties) = preSolution
		HideSolutionNode = FALSE
	EndGlobalSection
	GlobalSection(NestedProjects) = preSolution
		{9AE2D2C8-72B2-439F-AB46-C0516FBD589D} = {9C5F91EA-B1D4-4F3E-96E0-D407B0AF873B}
		{CA3BA910-CC28-2541-7840-4A469BCC6473} = {9AE2D2C8-72B2-439F-AB46-C0516FBD589D}
		{73141AA7-C98F-8FDC-6DCE-73C36F47730E} = {9AE2D2C8-72B2-439F-AB46-C0516FBD589D}
		{2B12D08F-942B-BA5C-3484-1DE392162717} = {9AE2D2C8-72B2-439F-AB46-C0516FBD589D}
		{8B7A644F-5A81-F2FE-4C07-D3978D8CCA58} = {9AE2D2C8-72B2-439F-AB46-C0516FBD589D}
		{20B1E3F0-E34C-7CDE-FC00-26BBA00358A5} = {9AE2D2C8-72B2-439F-AB46-C0516FBD589D}
		{3C2A6AC0-E43B-83EC-9260-1167FCED084E} = {9AE2D2C8-72B2-439F-AB46-C0516FBD589D}
		{9D167EEA-7D1B-9AC5-1F2F-F5AE6FD340F5} = {02EA681E-C7D8-13C7-8484-4AC65E1B71E8}
		{5B4C82C9-AE83-4EAC-B62D-8F1904B8F24C} = {0AB3BF05-4346-4AA6-1389-037BE0695223}
	EndGlobalSection
	GlobalSection(ExtensibilityGlobals) = postSolution
		SolutionGuid = {A4BB33A8-6E1A-4094-B7F2-E44AA82B524D}
	EndGlobalSection
EndGlobal
