{
  "name": "malihu-custom-scrollbar-plugin",
  "version": "3.1.5",
  "lockfileVersion": 3,
  "requires": true,
  "packages": {
    "": {
      "name": "malihu-custom-scrollbar-plugin",
      "version": "3.1.5",
      "license": "MIT",
      "dependencies": {
        "jquery-mousewheel": ">=3.0.6"
      }
    },
    "node_modules/jquery": {
      "version": "3.7.1",
      "resolved": "https://registry.npmjs.org/jquery/-/jquery-3.7.1.tgz",
      "integrity": "sha512-m4avr8yL8kmFN8psrbFFFmB/If14iN5o9nw/NgnnM+kybDJpRsAynV2BsfpTYrTRysYUdADVD7CkUUizgkpLfg=="
    },
    "node_modules/jquery-mousewheel": {
      "version": "3.2.2",
      "resolved": "https://registry.npmjs.org/jquery-mousewheel/-/jquery-mousewheel-3.2.2.tgz",
      "integrity": "sha512-JP71xTAg08ZY3hcs9ZbYUZ5i+dkSsz4yRl/zpWkAmtzc+kMs5EfPkpkINSidiLYMaR0MTo3DfFGF9WIezMsFQQ==",
      "dependencies": {
        "jquery": ">=1.2.6"
      }
    }
  }
}
