
Microsoft Visual Studio Solution File, Format Version 12.00
# Visual Studio Version 17
VisualStudioVersion = 17.0.31903.59
MinimumVisualStudioVersion = 10.0.40219.1
Project("{FAE04EC0-301F-11D3-BF4B-00C04F79EFBC}") = "Eleon.IdentityQuerying.Lib.Full", "Eleon.IdentityQuerying.Lib.Full.csproj", "{075E952B-D829-4D57-8433-F55F7AA7C17B}"
EndProject
Project("{2150E333-8FDC-42A3-9474-1A3956D46DE8}") = "tests", "tests", "{0AB3BF05-4346-4AA6-1389-037BE0695223}"
EndProject
Project("{FAE04EC0-301F-11D3-BF4B-00C04F79EFBC}") = "Eleon.IdentityQuerying.Lib.Tests", "tests\Eleon.IdentityQuerying.Lib.Tests.csproj", "{34A25752-8409-4FB2-BD13-233F458F0DAB}"
EndProject
Project("{FAE04EC0-301F-11D3-BF4B-00C04F79EFBC}") = "Eleon.TestsBase.Lib.Full", "..\..\shared\libs\Eleon.TestsBase.Lib\Eleon.TestsBase.Lib.Full.csproj", "{D001FA02-BA9C-4534-9274-C7B8C82E7B41}"
EndProject
Project("{FAE04EC0-301F-11D3-BF4B-00C04F79EFBC}") = "Eleon.Logging.Lib.Full", "..\..\shared\libs\Eleon.Logging.Lib\Eleon.Logging.Lib.Full.csproj", "{417C9260-0D43-4116-9E3D-0856DEB6C063}"
EndProject
Global
	GlobalSection(SolutionConfigurationPlatforms) = preSolution
		Debug|Any CPU = Debug|Any CPU
		Debug|x64 = Debug|x64
		Debug|x86 = Debug|x86
		Release|Any CPU = Release|Any CPU
		Release|x64 = Release|x64
		Release|x86 = Release|x86
	EndGlobalSection
	GlobalSection(ProjectConfigurationPlatforms) = postSolution
		{075E952B-D829-4D57-8433-F55F7AA7C17B}.Debug|Any CPU.ActiveCfg = Debug|Any CPU
		{075E952B-D829-4D57-8433-F55F7AA7C17B}.Debug|Any CPU.Build.0 = Debug|Any CPU
		{075E952B-D829-4D57-8433-F55F7AA7C17B}.Debug|x64.ActiveCfg = Debug|x64
		{075E952B-D829-4D57-8433-F55F7AA7C17B}.Debug|x64.Build.0 = Debug|x64
		{075E952B-D829-4D57-8433-F55F7AA7C17B}.Debug|x86.ActiveCfg = Debug|x86
		{075E952B-D829-4D57-8433-F55F7AA7C17B}.Debug|x86.Build.0 = Debug|x86
		{075E952B-D829-4D57-8433-F55F7AA7C17B}.Release|Any CPU.ActiveCfg = Release|Any CPU
		{075E952B-D829-4D57-8433-F55F7AA7C17B}.Release|Any CPU.Build.0 = Release|Any CPU
		{075E952B-D829-4D57-8433-F55F7AA7C17B}.Release|x64.ActiveCfg = Release|x64
		{075E952B-D829-4D57-8433-F55F7AA7C17B}.Release|x64.Build.0 = Release|x64
		{075E952B-D829-4D57-8433-F55F7AA7C17B}.Release|x86.ActiveCfg = Release|x86
		{075E952B-D829-4D57-8433-F55F7AA7C17B}.Release|x86.Build.0 = Release|x86
		{34A25752-8409-4FB2-BD13-233F458F0DAB}.Debug|Any CPU.ActiveCfg = Debug|Any CPU
		{34A25752-8409-4FB2-BD13-233F458F0DAB}.Debug|Any CPU.Build.0 = Debug|Any CPU
		{34A25752-8409-4FB2-BD13-233F458F0DAB}.Debug|x64.ActiveCfg = Debug|Any CPU
		{34A25752-8409-4FB2-BD13-233F458F0DAB}.Debug|x64.Build.0 = Debug|Any CPU
		{34A25752-8409-4FB2-BD13-233F458F0DAB}.Debug|x86.ActiveCfg = Debug|Any CPU
		{34A25752-8409-4FB2-BD13-233F458F0DAB}.Debug|x86.Build.0 = Debug|Any CPU
		{34A25752-8409-4FB2-BD13-233F458F0DAB}.Release|Any CPU.ActiveCfg = Release|Any CPU
		{34A25752-8409-4FB2-BD13-233F458F0DAB}.Release|Any CPU.Build.0 = Release|Any CPU
		{34A25752-8409-4FB2-BD13-233F458F0DAB}.Release|x64.ActiveCfg = Release|Any CPU
		{34A25752-8409-4FB2-BD13-233F458F0DAB}.Release|x64.Build.0 = Release|Any CPU
		{34A25752-8409-4FB2-BD13-233F458F0DAB}.Release|x86.ActiveCfg = Release|Any CPU
		{34A25752-8409-4FB2-BD13-233F458F0DAB}.Release|x86.Build.0 = Release|Any CPU
		{D001FA02-BA9C-4534-9274-C7B8C82E7B41}.Debug|Any CPU.ActiveCfg = Debug|Any CPU
		{D001FA02-BA9C-4534-9274-C7B8C82E7B41}.Debug|Any CPU.Build.0 = Debug|Any CPU
		{D001FA02-BA9C-4534-9274-C7B8C82E7B41}.Debug|x64.ActiveCfg = Debug|Any CPU
		{D001FA02-BA9C-4534-9274-C7B8C82E7B41}.Debug|x64.Build.0 = Debug|Any CPU
		{D001FA02-BA9C-4534-9274-C7B8C82E7B41}.Debug|x86.ActiveCfg = Debug|Any CPU
		{D001FA02-BA9C-4534-9274-C7B8C82E7B41}.Debug|x86.Build.0 = Debug|Any CPU
		{D001FA02-BA9C-4534-9274-C7B8C82E7B41}.Release|Any CPU.ActiveCfg = Release|Any CPU
		{D001FA02-BA9C-4534-9274-C7B8C82E7B41}.Release|Any CPU.Build.0 = Release|Any CPU
		{D001FA02-BA9C-4534-9274-C7B8C82E7B41}.Release|x64.ActiveCfg = Release|Any CPU
		{D001FA02-BA9C-4534-9274-C7B8C82E7B41}.Release|x64.Build.0 = Release|Any CPU
		{D001FA02-BA9C-4534-9274-C7B8C82E7B41}.Release|x86.ActiveCfg = Release|Any CPU
		{D001FA02-BA9C-4534-9274-C7B8C82E7B41}.Release|x86.Build.0 = Release|Any CPU
		{417C9260-0D43-4116-9E3D-0856DEB6C063}.Debug|Any CPU.ActiveCfg = Debug|Any CPU
		{417C9260-0D43-4116-9E3D-0856DEB6C063}.Debug|Any CPU.Build.0 = Debug|Any CPU
		{417C9260-0D43-4116-9E3D-0856DEB6C063}.Debug|x64.ActiveCfg = Debug|Any CPU
		{417C9260-0D43-4116-9E3D-0856DEB6C063}.Debug|x64.Build.0 = Debug|Any CPU
		{417C9260-0D43-4116-9E3D-0856DEB6C063}.Debug|x86.ActiveCfg = Debug|Any CPU
		{417C9260-0D43-4116-9E3D-0856DEB6C063}.Debug|x86.Build.0 = Debug|Any CPU
		{417C9260-0D43-4116-9E3D-0856DEB6C063}.Release|Any CPU.ActiveCfg = Release|Any CPU
		{417C9260-0D43-4116-9E3D-0856DEB6C063}.Release|Any CPU.Build.0 = Release|Any CPU
		{417C9260-0D43-4116-9E3D-0856DEB6C063}.Release|x64.ActiveCfg = Release|Any CPU
		{417C9260-0D43-4116-9E3D-0856DEB6C063}.Release|x64.Build.0 = Release|Any CPU
		{417C9260-0D43-4116-9E3D-0856DEB6C063}.Release|x86.ActiveCfg = Release|Any CPU
		{417C9260-0D43-4116-9E3D-0856DEB6C063}.Release|x86.Build.0 = Release|Any CPU
	EndGlobalSection
	GlobalSection(SolutionProperties) = preSolution
		HideSolutionNode = FALSE
	EndGlobalSection
	GlobalSection(NestedProjects) = preSolution
		{34A25752-8409-4FB2-BD13-233F458F0DAB} = {0AB3BF05-4346-4AA6-1389-037BE0695223}
	EndGlobalSection
	GlobalSection(ExtensibilityGlobals) = postSolution
		SolutionGuid = {606AF89F-D77D-414A-82B1-8FA3DB15D6DD}
	EndGlobalSection
EndGlobal
