
Microsoft Visual Studio Solution File, Format Version 12.00
# Visual Studio Version 17
VisualStudioVersion = 17.0.31903.59
MinimumVisualStudioVersion = 10.0.40219.1
Project("{FAE04EC0-301F-11D3-BF4B-00C04F79EFBC}") = "Eleoncore.Host.Module", "Eleoncore.Host.Module.Full.csproj", "{CEC36E9C-C0FA-4511-99BD-DB6E8CC331ED}"
EndProject
Project("{FAE04EC0-301F-11D3-BF4B-00C04F79EFBC}") = "Eleon.ErrorHandling.Lib", "..\..\libs\Eleon.ErrorHandling.Lib\Eleon.ErrorHandling.Lib.Full.csproj", "{694F5023-EFB5-4553-B1B1-2B4DC326D6B0}"
EndProject
Project("{FAE04EC0-301F-11D3-BF4B-00C04F79EFBC}") = "Eleon.Common.Lib", "..\..\libs\Eleon.Common.Lib\Eleon.Common.Lib.Full.csproj", "{50806EA3-3836-41DF-89E7-AC81C8D5E70C}"
EndProject
Project("{FAE04EC0-301F-11D3-BF4B-00C04F79EFBC}") = "Eleon.Logging.Lib", "..\..\libs\Eleon.Logging.Lib\Eleon.Logging.Lib.Full.csproj", "{A9BB60E9-40BF-41A5-9136-4F81EFF7DE93}"
EndProject
Project("{FAE04EC0-301F-11D3-BF4B-00C04F79EFBC}") = "Eleon.Startup.Lib", "..\..\libs\Eleon.Startup.Lib\Eleon.Startup.Lib.Full.csproj", "{FE11CCC3-F6E9-4355-8C7F-2F257EB1C445}"
EndProject
Project("{FAE04EC0-301F-11D3-BF4B-00C04F79EFBC}") = "Eleoncore.AbpSdk.Lib", "..\..\libs\Eleoncore.AbpSdk.Lib\Eleoncore.AbpSdk.Lib.Full.csproj", "{A6EBC4AF-8119-4755-99CC-B902ED9169FF}"
EndProject
Project("{FAE04EC0-301F-11D3-BF4B-00C04F79EFBC}") = "Eleon.Migration.Lib", "..\..\libs\Eleon.Migration.Lib\Eleon.Migration.Lib.Full.csproj", "{F6B84084-3182-4FD4-90A6-02D2A7AF98DC}"
EndProject
Project("{FAE04EC0-301F-11D3-BF4B-00C04F79EFBC}") = "Eleon.HealthChecks.Lib", "..\..\libs\Eleon.HealthChecks.Lib\Eleon.HealthChecks.Lib.Full.csproj", "{CE13B6BE-71DF-46A1-8930-A8203228164E}"
EndProject
Project("{FAE04EC0-301F-11D3-BF4B-00C04F79EFBC}") = "Eleoncore.CSharpSdk.Lib", "..\..\libs\Eleoncore.CSharpSdk.Lib\Eleoncore.CSharpSdk.Lib.Full.csproj", "{342E7580-47B7-4A08-A9EC-40898E827A98}"
EndProject
Project("{FAE04EC0-301F-11D3-BF4B-00C04F79EFBC}") = "Eleon.Telemetry.Lib", "..\..\libs\Eleon.Telemetry.Lib\Eleon.Telemetry.Lib.Full.csproj", "{48ECDD54-342E-4E63-94B1-182447BCAACE}"
EndProject
Global
	GlobalSection(SolutionConfigurationPlatforms) = preSolution
		Debug|Any CPU = Debug|Any CPU
		Debug|x64 = Debug|x64
		Debug|x86 = Debug|x86
		ImmuRelease|Any CPU = ImmuRelease|Any CPU
		ImmuRelease|x64 = ImmuRelease|x64
		ImmuRelease|x86 = ImmuRelease|x86
		QA|Any CPU = QA|Any CPU
		QA|x64 = QA|x64
		QA|x86 = QA|x86
		Release|Any CPU = Release|Any CPU
		Release|x64 = Release|x64
		Release|x86 = Release|x86
	EndGlobalSection
	GlobalSection(ProjectConfigurationPlatforms) = postSolution
		{CEC36E9C-C0FA-4511-99BD-DB6E8CC331ED}.Debug|Any CPU.ActiveCfg = Debug|Any CPU
		{CEC36E9C-C0FA-4511-99BD-DB6E8CC331ED}.Debug|Any CPU.Build.0 = Debug|Any CPU
		{CEC36E9C-C0FA-4511-99BD-DB6E8CC331ED}.Debug|x64.ActiveCfg = Debug|Any CPU
		{CEC36E9C-C0FA-4511-99BD-DB6E8CC331ED}.Debug|x64.Build.0 = Debug|Any CPU
		{CEC36E9C-C0FA-4511-99BD-DB6E8CC331ED}.Debug|x86.ActiveCfg = Debug|Any CPU
		{CEC36E9C-C0FA-4511-99BD-DB6E8CC331ED}.Debug|x86.Build.0 = Debug|Any CPU
		{CEC36E9C-C0FA-4511-99BD-DB6E8CC331ED}.ImmuRelease|Any CPU.ActiveCfg = ImmuRelease|Any CPU
		{CEC36E9C-C0FA-4511-99BD-DB6E8CC331ED}.ImmuRelease|Any CPU.Build.0 = ImmuRelease|Any CPU
		{CEC36E9C-C0FA-4511-99BD-DB6E8CC331ED}.ImmuRelease|x64.ActiveCfg = ImmuRelease|Any CPU
		{CEC36E9C-C0FA-4511-99BD-DB6E8CC331ED}.ImmuRelease|x64.Build.0 = ImmuRelease|Any CPU
		{CEC36E9C-C0FA-4511-99BD-DB6E8CC331ED}.ImmuRelease|x86.ActiveCfg = ImmuRelease|Any CPU
		{CEC36E9C-C0FA-4511-99BD-DB6E8CC331ED}.ImmuRelease|x86.Build.0 = ImmuRelease|Any CPU
		{CEC36E9C-C0FA-4511-99BD-DB6E8CC331ED}.QA|Any CPU.ActiveCfg = QA|Any CPU
		{CEC36E9C-C0FA-4511-99BD-DB6E8CC331ED}.QA|Any CPU.Build.0 = QA|Any CPU
		{CEC36E9C-C0FA-4511-99BD-DB6E8CC331ED}.QA|x64.ActiveCfg = QA|Any CPU
		{CEC36E9C-C0FA-4511-99BD-DB6E8CC331ED}.QA|x64.Build.0 = QA|Any CPU
		{CEC36E9C-C0FA-4511-99BD-DB6E8CC331ED}.QA|x86.ActiveCfg = QA|Any CPU
		{CEC36E9C-C0FA-4511-99BD-DB6E8CC331ED}.QA|x86.Build.0 = QA|Any CPU
		{CEC36E9C-C0FA-4511-99BD-DB6E8CC331ED}.Release|Any CPU.ActiveCfg = Release|Any CPU
		{CEC36E9C-C0FA-4511-99BD-DB6E8CC331ED}.Release|Any CPU.Build.0 = Release|Any CPU
		{CEC36E9C-C0FA-4511-99BD-DB6E8CC331ED}.Release|x64.ActiveCfg = Release|Any CPU
		{CEC36E9C-C0FA-4511-99BD-DB6E8CC331ED}.Release|x64.Build.0 = Release|Any CPU
		{CEC36E9C-C0FA-4511-99BD-DB6E8CC331ED}.Release|x86.ActiveCfg = Release|Any CPU
		{CEC36E9C-C0FA-4511-99BD-DB6E8CC331ED}.Release|x86.Build.0 = Release|Any CPU
		{694F5023-EFB5-4553-B1B1-2B4DC326D6B0}.Debug|Any CPU.ActiveCfg = Debug|Any CPU
		{694F5023-EFB5-4553-B1B1-2B4DC326D6B0}.Debug|Any CPU.Build.0 = Debug|Any CPU
		{694F5023-EFB5-4553-B1B1-2B4DC326D6B0}.Debug|x64.ActiveCfg = Debug|Any CPU
		{694F5023-EFB5-4553-B1B1-2B4DC326D6B0}.Debug|x64.Build.0 = Debug|Any CPU
		{694F5023-EFB5-4553-B1B1-2B4DC326D6B0}.Debug|x86.ActiveCfg = Debug|Any CPU
		{694F5023-EFB5-4553-B1B1-2B4DC326D6B0}.Debug|x86.Build.0 = Debug|Any CPU
		{694F5023-EFB5-4553-B1B1-2B4DC326D6B0}.ImmuRelease|Any CPU.ActiveCfg = ImmuRelease|Any CPU
		{694F5023-EFB5-4553-B1B1-2B4DC326D6B0}.ImmuRelease|Any CPU.Build.0 = ImmuRelease|Any CPU
		{694F5023-EFB5-4553-B1B1-2B4DC326D6B0}.ImmuRelease|x64.ActiveCfg = ImmuRelease|Any CPU
		{694F5023-EFB5-4553-B1B1-2B4DC326D6B0}.ImmuRelease|x64.Build.0 = ImmuRelease|Any CPU
		{694F5023-EFB5-4553-B1B1-2B4DC326D6B0}.ImmuRelease|x86.ActiveCfg = ImmuRelease|Any CPU
		{694F5023-EFB5-4553-B1B1-2B4DC326D6B0}.ImmuRelease|x86.Build.0 = ImmuRelease|Any CPU
		{694F5023-EFB5-4553-B1B1-2B4DC326D6B0}.QA|Any CPU.ActiveCfg = QA|Any CPU
		{694F5023-EFB5-4553-B1B1-2B4DC326D6B0}.QA|Any CPU.Build.0 = QA|Any CPU
		{694F5023-EFB5-4553-B1B1-2B4DC326D6B0}.QA|x64.ActiveCfg = QA|Any CPU
		{694F5023-EFB5-4553-B1B1-2B4DC326D6B0}.QA|x64.Build.0 = QA|Any CPU
		{694F5023-EFB5-4553-B1B1-2B4DC326D6B0}.QA|x86.ActiveCfg = QA|Any CPU
		{694F5023-EFB5-4553-B1B1-2B4DC326D6B0}.QA|x86.Build.0 = QA|Any CPU
		{694F5023-EFB5-4553-B1B1-2B4DC326D6B0}.Release|Any CPU.ActiveCfg = Release|Any CPU
		{694F5023-EFB5-4553-B1B1-2B4DC326D6B0}.Release|Any CPU.Build.0 = Release|Any CPU
		{694F5023-EFB5-4553-B1B1-2B4DC326D6B0}.Release|x64.ActiveCfg = Release|Any CPU
		{694F5023-EFB5-4553-B1B1-2B4DC326D6B0}.Release|x64.Build.0 = Release|Any CPU
		{694F5023-EFB5-4553-B1B1-2B4DC326D6B0}.Release|x86.ActiveCfg = Release|Any CPU
		{694F5023-EFB5-4553-B1B1-2B4DC326D6B0}.Release|x86.Build.0 = Release|Any CPU
		{50806EA3-3836-41DF-89E7-AC81C8D5E70C}.Debug|Any CPU.ActiveCfg = Debug|Any CPU
		{50806EA3-3836-41DF-89E7-AC81C8D5E70C}.Debug|Any CPU.Build.0 = Debug|Any CPU
		{50806EA3-3836-41DF-89E7-AC81C8D5E70C}.Debug|x64.ActiveCfg = Debug|Any CPU
		{50806EA3-3836-41DF-89E7-AC81C8D5E70C}.Debug|x64.Build.0 = Debug|Any CPU
		{50806EA3-3836-41DF-89E7-AC81C8D5E70C}.Debug|x86.ActiveCfg = Debug|Any CPU
		{50806EA3-3836-41DF-89E7-AC81C8D5E70C}.Debug|x86.Build.0 = Debug|Any CPU
		{50806EA3-3836-41DF-89E7-AC81C8D5E70C}.ImmuRelease|Any CPU.ActiveCfg = ImmuRelease|Any CPU
		{50806EA3-3836-41DF-89E7-AC81C8D5E70C}.ImmuRelease|Any CPU.Build.0 = ImmuRelease|Any CPU
		{50806EA3-3836-41DF-89E7-AC81C8D5E70C}.ImmuRelease|x64.ActiveCfg = ImmuRelease|Any CPU
		{50806EA3-3836-41DF-89E7-AC81C8D5E70C}.ImmuRelease|x64.Build.0 = ImmuRelease|Any CPU
		{50806EA3-3836-41DF-89E7-AC81C8D5E70C}.ImmuRelease|x86.ActiveCfg = ImmuRelease|Any CPU
		{50806EA3-3836-41DF-89E7-AC81C8D5E70C}.ImmuRelease|x86.Build.0 = ImmuRelease|Any CPU
		{50806EA3-3836-41DF-89E7-AC81C8D5E70C}.QA|Any CPU.ActiveCfg = QA|Any CPU
		{50806EA3-3836-41DF-89E7-AC81C8D5E70C}.QA|Any CPU.Build.0 = QA|Any CPU
		{50806EA3-3836-41DF-89E7-AC81C8D5E70C}.QA|x64.ActiveCfg = QA|Any CPU
		{50806EA3-3836-41DF-89E7-AC81C8D5E70C}.QA|x64.Build.0 = QA|Any CPU
		{50806EA3-3836-41DF-89E7-AC81C8D5E70C}.QA|x86.ActiveCfg = QA|Any CPU
		{50806EA3-3836-41DF-89E7-AC81C8D5E70C}.QA|x86.Build.0 = QA|Any CPU
		{50806EA3-3836-41DF-89E7-AC81C8D5E70C}.Release|Any CPU.ActiveCfg = Release|Any CPU
		{50806EA3-3836-41DF-89E7-AC81C8D5E70C}.Release|Any CPU.Build.0 = Release|Any CPU
		{50806EA3-3836-41DF-89E7-AC81C8D5E70C}.Release|x64.ActiveCfg = Release|Any CPU
		{50806EA3-3836-41DF-89E7-AC81C8D5E70C}.Release|x64.Build.0 = Release|Any CPU
		{50806EA3-3836-41DF-89E7-AC81C8D5E70C}.Release|x86.ActiveCfg = Release|Any CPU
		{50806EA3-3836-41DF-89E7-AC81C8D5E70C}.Release|x86.Build.0 = Release|Any CPU
		{A9BB60E9-40BF-41A5-9136-4F81EFF7DE93}.Debug|Any CPU.ActiveCfg = Debug|Any CPU
		{A9BB60E9-40BF-41A5-9136-4F81EFF7DE93}.Debug|Any CPU.Build.0 = Debug|Any CPU
		{A9BB60E9-40BF-41A5-9136-4F81EFF7DE93}.Debug|x64.ActiveCfg = Debug|Any CPU
		{A9BB60E9-40BF-41A5-9136-4F81EFF7DE93}.Debug|x64.Build.0 = Debug|Any CPU
		{A9BB60E9-40BF-41A5-9136-4F81EFF7DE93}.Debug|x86.ActiveCfg = Debug|Any CPU
		{A9BB60E9-40BF-41A5-9136-4F81EFF7DE93}.Debug|x86.Build.0 = Debug|Any CPU
		{A9BB60E9-40BF-41A5-9136-4F81EFF7DE93}.ImmuRelease|Any CPU.ActiveCfg = ImmuRelease|Any CPU
		{A9BB60E9-40BF-41A5-9136-4F81EFF7DE93}.ImmuRelease|Any CPU.Build.0 = ImmuRelease|Any CPU
		{A9BB60E9-40BF-41A5-9136-4F81EFF7DE93}.ImmuRelease|x64.ActiveCfg = ImmuRelease|Any CPU
		{A9BB60E9-40BF-41A5-9136-4F81EFF7DE93}.ImmuRelease|x64.Build.0 = ImmuRelease|Any CPU
		{A9BB60E9-40BF-41A5-9136-4F81EFF7DE93}.ImmuRelease|x86.ActiveCfg = ImmuRelease|Any CPU
		{A9BB60E9-40BF-41A5-9136-4F81EFF7DE93}.ImmuRelease|x86.Build.0 = ImmuRelease|Any CPU
		{A9BB60E9-40BF-41A5-9136-4F81EFF7DE93}.QA|Any CPU.ActiveCfg = QA|Any CPU
		{A9BB60E9-40BF-41A5-9136-4F81EFF7DE93}.QA|Any CPU.Build.0 = QA|Any CPU
		{A9BB60E9-40BF-41A5-9136-4F81EFF7DE93}.QA|x64.ActiveCfg = QA|Any CPU
		{A9BB60E9-40BF-41A5-9136-4F81EFF7DE93}.QA|x64.Build.0 = QA|Any CPU
		{A9BB60E9-40BF-41A5-9136-4F81EFF7DE93}.QA|x86.ActiveCfg = QA|Any CPU
		{A9BB60E9-40BF-41A5-9136-4F81EFF7DE93}.QA|x86.Build.0 = QA|Any CPU
		{A9BB60E9-40BF-41A5-9136-4F81EFF7DE93}.Release|Any CPU.ActiveCfg = Release|Any CPU
		{A9BB60E9-40BF-41A5-9136-4F81EFF7DE93}.Release|Any CPU.Build.0 = Release|Any CPU
		{A9BB60E9-40BF-41A5-9136-4F81EFF7DE93}.Release|x64.ActiveCfg = Release|Any CPU
		{A9BB60E9-40BF-41A5-9136-4F81EFF7DE93}.Release|x64.Build.0 = Release|Any CPU
		{A9BB60E9-40BF-41A5-9136-4F81EFF7DE93}.Release|x86.ActiveCfg = Release|Any CPU
		{A9BB60E9-40BF-41A5-9136-4F81EFF7DE93}.Release|x86.Build.0 = Release|Any CPU
		{FE11CCC3-F6E9-4355-8C7F-2F257EB1C445}.Debug|Any CPU.ActiveCfg = Debug|Any CPU
		{FE11CCC3-F6E9-4355-8C7F-2F257EB1C445}.Debug|Any CPU.Build.0 = Debug|Any CPU
		{FE11CCC3-F6E9-4355-8C7F-2F257EB1C445}.Debug|x64.ActiveCfg = Debug|Any CPU
		{FE11CCC3-F6E9-4355-8C7F-2F257EB1C445}.Debug|x64.Build.0 = Debug|Any CPU
		{FE11CCC3-F6E9-4355-8C7F-2F257EB1C445}.Debug|x86.ActiveCfg = Debug|Any CPU
		{FE11CCC3-F6E9-4355-8C7F-2F257EB1C445}.Debug|x86.Build.0 = Debug|Any CPU
		{FE11CCC3-F6E9-4355-8C7F-2F257EB1C445}.ImmuRelease|Any CPU.ActiveCfg = Debug|Any CPU
		{FE11CCC3-F6E9-4355-8C7F-2F257EB1C445}.ImmuRelease|Any CPU.Build.0 = Debug|Any CPU
		{FE11CCC3-F6E9-4355-8C7F-2F257EB1C445}.ImmuRelease|x64.ActiveCfg = Debug|Any CPU
		{FE11CCC3-F6E9-4355-8C7F-2F257EB1C445}.ImmuRelease|x64.Build.0 = Debug|Any CPU
		{FE11CCC3-F6E9-4355-8C7F-2F257EB1C445}.ImmuRelease|x86.ActiveCfg = Debug|Any CPU
		{FE11CCC3-F6E9-4355-8C7F-2F257EB1C445}.ImmuRelease|x86.Build.0 = Debug|Any CPU
		{FE11CCC3-F6E9-4355-8C7F-2F257EB1C445}.QA|Any CPU.ActiveCfg = Debug|Any CPU
		{FE11CCC3-F6E9-4355-8C7F-2F257EB1C445}.QA|Any CPU.Build.0 = Debug|Any CPU
		{FE11CCC3-F6E9-4355-8C7F-2F257EB1C445}.QA|x64.ActiveCfg = Debug|Any CPU
		{FE11CCC3-F6E9-4355-8C7F-2F257EB1C445}.QA|x64.Build.0 = Debug|Any CPU
		{FE11CCC3-F6E9-4355-8C7F-2F257EB1C445}.QA|x86.ActiveCfg = Debug|Any CPU
		{FE11CCC3-F6E9-4355-8C7F-2F257EB1C445}.QA|x86.Build.0 = Debug|Any CPU
		{FE11CCC3-F6E9-4355-8C7F-2F257EB1C445}.Release|Any CPU.ActiveCfg = Release|Any CPU
		{FE11CCC3-F6E9-4355-8C7F-2F257EB1C445}.Release|Any CPU.Build.0 = Release|Any CPU
		{FE11CCC3-F6E9-4355-8C7F-2F257EB1C445}.Release|x64.ActiveCfg = Release|Any CPU
		{FE11CCC3-F6E9-4355-8C7F-2F257EB1C445}.Release|x64.Build.0 = Release|Any CPU
		{FE11CCC3-F6E9-4355-8C7F-2F257EB1C445}.Release|x86.ActiveCfg = Release|Any CPU
		{FE11CCC3-F6E9-4355-8C7F-2F257EB1C445}.Release|x86.Build.0 = Release|Any CPU
		{A6EBC4AF-8119-4755-99CC-B902ED9169FF}.Debug|Any CPU.ActiveCfg = Debug|Any CPU
		{A6EBC4AF-8119-4755-99CC-B902ED9169FF}.Debug|Any CPU.Build.0 = Debug|Any CPU
		{A6EBC4AF-8119-4755-99CC-B902ED9169FF}.Debug|x64.ActiveCfg = Debug|Any CPU
		{A6EBC4AF-8119-4755-99CC-B902ED9169FF}.Debug|x64.Build.0 = Debug|Any CPU
		{A6EBC4AF-8119-4755-99CC-B902ED9169FF}.Debug|x86.ActiveCfg = Debug|Any CPU
		{A6EBC4AF-8119-4755-99CC-B902ED9169FF}.Debug|x86.Build.0 = Debug|Any CPU
		{A6EBC4AF-8119-4755-99CC-B902ED9169FF}.ImmuRelease|Any CPU.ActiveCfg = ImmuRelease|Any CPU
		{A6EBC4AF-8119-4755-99CC-B902ED9169FF}.ImmuRelease|Any CPU.Build.0 = ImmuRelease|Any CPU
		{A6EBC4AF-8119-4755-99CC-B902ED9169FF}.ImmuRelease|x64.ActiveCfg = ImmuRelease|Any CPU
		{A6EBC4AF-8119-4755-99CC-B902ED9169FF}.ImmuRelease|x64.Build.0 = ImmuRelease|Any CPU
		{A6EBC4AF-8119-4755-99CC-B902ED9169FF}.ImmuRelease|x86.ActiveCfg = ImmuRelease|Any CPU
		{A6EBC4AF-8119-4755-99CC-B902ED9169FF}.ImmuRelease|x86.Build.0 = ImmuRelease|Any CPU
		{A6EBC4AF-8119-4755-99CC-B902ED9169FF}.QA|Any CPU.ActiveCfg = QA|Any CPU
		{A6EBC4AF-8119-4755-99CC-B902ED9169FF}.QA|Any CPU.Build.0 = QA|Any CPU
		{A6EBC4AF-8119-4755-99CC-B902ED9169FF}.QA|x64.ActiveCfg = QA|Any CPU
		{A6EBC4AF-8119-4755-99CC-B902ED9169FF}.QA|x64.Build.0 = QA|Any CPU
		{A6EBC4AF-8119-4755-99CC-B902ED9169FF}.QA|x86.ActiveCfg = QA|Any CPU
		{A6EBC4AF-8119-4755-99CC-B902ED9169FF}.QA|x86.Build.0 = QA|Any CPU
		{A6EBC4AF-8119-4755-99CC-B902ED9169FF}.Release|Any CPU.ActiveCfg = Release|Any CPU
		{A6EBC4AF-8119-4755-99CC-B902ED9169FF}.Release|Any CPU.Build.0 = Release|Any CPU
		{A6EBC4AF-8119-4755-99CC-B902ED9169FF}.Release|x64.ActiveCfg = Release|Any CPU
		{A6EBC4AF-8119-4755-99CC-B902ED9169FF}.Release|x64.Build.0 = Release|Any CPU
		{A6EBC4AF-8119-4755-99CC-B902ED9169FF}.Release|x86.ActiveCfg = Release|Any CPU
		{A6EBC4AF-8119-4755-99CC-B902ED9169FF}.Release|x86.Build.0 = Release|Any CPU
		{F6B84084-3182-4FD4-90A6-02D2A7AF98DC}.Debug|Any CPU.ActiveCfg = Debug|Any CPU
		{F6B84084-3182-4FD4-90A6-02D2A7AF98DC}.Debug|Any CPU.Build.0 = Debug|Any CPU
		{F6B84084-3182-4FD4-90A6-02D2A7AF98DC}.Debug|x64.ActiveCfg = Debug|Any CPU
		{F6B84084-3182-4FD4-90A6-02D2A7AF98DC}.Debug|x64.Build.0 = Debug|Any CPU
		{F6B84084-3182-4FD4-90A6-02D2A7AF98DC}.Debug|x86.ActiveCfg = Debug|Any CPU
		{F6B84084-3182-4FD4-90A6-02D2A7AF98DC}.Debug|x86.Build.0 = Debug|Any CPU
		{F6B84084-3182-4FD4-90A6-02D2A7AF98DC}.ImmuRelease|Any CPU.ActiveCfg = Debug|Any CPU
		{F6B84084-3182-4FD4-90A6-02D2A7AF98DC}.ImmuRelease|Any CPU.Build.0 = Debug|Any CPU
		{F6B84084-3182-4FD4-90A6-02D2A7AF98DC}.ImmuRelease|x64.ActiveCfg = Debug|Any CPU
		{F6B84084-3182-4FD4-90A6-02D2A7AF98DC}.ImmuRelease|x64.Build.0 = Debug|Any CPU
		{F6B84084-3182-4FD4-90A6-02D2A7AF98DC}.ImmuRelease|x86.ActiveCfg = Debug|Any CPU
		{F6B84084-3182-4FD4-90A6-02D2A7AF98DC}.ImmuRelease|x86.Build.0 = Debug|Any CPU
		{F6B84084-3182-4FD4-90A6-02D2A7AF98DC}.QA|Any CPU.ActiveCfg = Debug|Any CPU
		{F6B84084-3182-4FD4-90A6-02D2A7AF98DC}.QA|Any CPU.Build.0 = Debug|Any CPU
		{F6B84084-3182-4FD4-90A6-02D2A7AF98DC}.QA|x64.ActiveCfg = Debug|Any CPU
		{F6B84084-3182-4FD4-90A6-02D2A7AF98DC}.QA|x64.Build.0 = Debug|Any CPU
		{F6B84084-3182-4FD4-90A6-02D2A7AF98DC}.QA|x86.ActiveCfg = Debug|Any CPU
		{F6B84084-3182-4FD4-90A6-02D2A7AF98DC}.QA|x86.Build.0 = Debug|Any CPU
		{F6B84084-3182-4FD4-90A6-02D2A7AF98DC}.Release|Any CPU.ActiveCfg = Release|Any CPU
		{F6B84084-3182-4FD4-90A6-02D2A7AF98DC}.Release|Any CPU.Build.0 = Release|Any CPU
		{F6B84084-3182-4FD4-90A6-02D2A7AF98DC}.Release|x64.ActiveCfg = Release|Any CPU
		{F6B84084-3182-4FD4-90A6-02D2A7AF98DC}.Release|x64.Build.0 = Release|Any CPU
		{F6B84084-3182-4FD4-90A6-02D2A7AF98DC}.Release|x86.ActiveCfg = Release|Any CPU
		{F6B84084-3182-4FD4-90A6-02D2A7AF98DC}.Release|x86.Build.0 = Release|Any CPU
		{CE13B6BE-71DF-46A1-8930-A8203228164E}.Debug|Any CPU.ActiveCfg = Debug|Any CPU
		{CE13B6BE-71DF-46A1-8930-A8203228164E}.Debug|Any CPU.Build.0 = Debug|Any CPU
		{CE13B6BE-71DF-46A1-8930-A8203228164E}.Debug|x64.ActiveCfg = Debug|Any CPU
		{CE13B6BE-71DF-46A1-8930-A8203228164E}.Debug|x64.Build.0 = Debug|Any CPU
		{CE13B6BE-71DF-46A1-8930-A8203228164E}.Debug|x86.ActiveCfg = Debug|Any CPU
		{CE13B6BE-71DF-46A1-8930-A8203228164E}.Debug|x86.Build.0 = Debug|Any CPU
		{CE13B6BE-71DF-46A1-8930-A8203228164E}.ImmuRelease|Any CPU.ActiveCfg = ImmuRelease|Any CPU
		{CE13B6BE-71DF-46A1-8930-A8203228164E}.ImmuRelease|Any CPU.Build.0 = ImmuRelease|Any CPU
		{CE13B6BE-71DF-46A1-8930-A8203228164E}.ImmuRelease|x64.ActiveCfg = ImmuRelease|Any CPU
		{CE13B6BE-71DF-46A1-8930-A8203228164E}.ImmuRelease|x64.Build.0 = ImmuRelease|Any CPU
		{CE13B6BE-71DF-46A1-8930-A8203228164E}.ImmuRelease|x86.ActiveCfg = ImmuRelease|Any CPU
		{CE13B6BE-71DF-46A1-8930-A8203228164E}.ImmuRelease|x86.Build.0 = ImmuRelease|Any CPU
		{CE13B6BE-71DF-46A1-8930-A8203228164E}.QA|Any CPU.ActiveCfg = QA|Any CPU
		{CE13B6BE-71DF-46A1-8930-A8203228164E}.QA|Any CPU.Build.0 = QA|Any CPU
		{CE13B6BE-71DF-46A1-8930-A8203228164E}.QA|x64.ActiveCfg = QA|Any CPU
		{CE13B6BE-71DF-46A1-8930-A8203228164E}.QA|x64.Build.0 = QA|Any CPU
		{CE13B6BE-71DF-46A1-8930-A8203228164E}.QA|x86.ActiveCfg = QA|Any CPU
		{CE13B6BE-71DF-46A1-8930-A8203228164E}.QA|x86.Build.0 = QA|Any CPU
		{CE13B6BE-71DF-46A1-8930-A8203228164E}.Release|Any CPU.ActiveCfg = Release|Any CPU
		{CE13B6BE-71DF-46A1-8930-A8203228164E}.Release|Any CPU.Build.0 = Release|Any CPU
		{CE13B6BE-71DF-46A1-8930-A8203228164E}.Release|x64.ActiveCfg = Release|Any CPU
		{CE13B6BE-71DF-46A1-8930-A8203228164E}.Release|x64.Build.0 = Release|Any CPU
		{CE13B6BE-71DF-46A1-8930-A8203228164E}.Release|x86.ActiveCfg = Release|Any CPU
		{CE13B6BE-71DF-46A1-8930-A8203228164E}.Release|x86.Build.0 = Release|Any CPU
		{342E7580-47B7-4A08-A9EC-40898E827A98}.Debug|Any CPU.ActiveCfg = Debug|Any CPU
		{342E7580-47B7-4A08-A9EC-40898E827A98}.Debug|Any CPU.Build.0 = Debug|Any CPU
		{342E7580-47B7-4A08-A9EC-40898E827A98}.Debug|x64.ActiveCfg = Debug|Any CPU
		{342E7580-47B7-4A08-A9EC-40898E827A98}.Debug|x64.Build.0 = Debug|Any CPU
		{342E7580-47B7-4A08-A9EC-40898E827A98}.Debug|x86.ActiveCfg = Debug|Any CPU
		{342E7580-47B7-4A08-A9EC-40898E827A98}.Debug|x86.Build.0 = Debug|Any CPU
		{342E7580-47B7-4A08-A9EC-40898E827A98}.ImmuRelease|Any CPU.ActiveCfg = ImmuRelease|Any CPU
		{342E7580-47B7-4A08-A9EC-40898E827A98}.ImmuRelease|Any CPU.Build.0 = ImmuRelease|Any CPU
		{342E7580-47B7-4A08-A9EC-40898E827A98}.ImmuRelease|x64.ActiveCfg = ImmuRelease|Any CPU
		{342E7580-47B7-4A08-A9EC-40898E827A98}.ImmuRelease|x64.Build.0 = ImmuRelease|Any CPU
		{342E7580-47B7-4A08-A9EC-40898E827A98}.ImmuRelease|x86.ActiveCfg = ImmuRelease|Any CPU
		{342E7580-47B7-4A08-A9EC-40898E827A98}.ImmuRelease|x86.Build.0 = ImmuRelease|Any CPU
		{342E7580-47B7-4A08-A9EC-40898E827A98}.QA|Any CPU.ActiveCfg = QA|Any CPU
		{342E7580-47B7-4A08-A9EC-40898E827A98}.QA|Any CPU.Build.0 = QA|Any CPU
		{342E7580-47B7-4A08-A9EC-40898E827A98}.QA|x64.ActiveCfg = QA|Any CPU
		{342E7580-47B7-4A08-A9EC-40898E827A98}.QA|x64.Build.0 = QA|Any CPU
		{342E7580-47B7-4A08-A9EC-40898E827A98}.QA|x86.ActiveCfg = QA|Any CPU
		{342E7580-47B7-4A08-A9EC-40898E827A98}.QA|x86.Build.0 = QA|Any CPU
		{342E7580-47B7-4A08-A9EC-40898E827A98}.Release|Any CPU.ActiveCfg = Release|Any CPU
		{342E7580-47B7-4A08-A9EC-40898E827A98}.Release|Any CPU.Build.0 = Release|Any CPU
		{342E7580-47B7-4A08-A9EC-40898E827A98}.Release|x64.ActiveCfg = Release|Any CPU
		{342E7580-47B7-4A08-A9EC-40898E827A98}.Release|x64.Build.0 = Release|Any CPU
		{342E7580-47B7-4A08-A9EC-40898E827A98}.Release|x86.ActiveCfg = Release|Any CPU
		{342E7580-47B7-4A08-A9EC-40898E827A98}.Release|x86.Build.0 = Release|Any CPU
		{48ECDD54-342E-4E63-94B1-182447BCAACE}.Debug|Any CPU.ActiveCfg = Debug|Any CPU
		{48ECDD54-342E-4E63-94B1-182447BCAACE}.Debug|Any CPU.Build.0 = Debug|Any CPU
		{48ECDD54-342E-4E63-94B1-182447BCAACE}.Debug|x64.ActiveCfg = Debug|Any CPU
		{48ECDD54-342E-4E63-94B1-182447BCAACE}.Debug|x64.Build.0 = Debug|Any CPU
		{48ECDD54-342E-4E63-94B1-182447BCAACE}.Debug|x86.ActiveCfg = Debug|Any CPU
		{48ECDD54-342E-4E63-94B1-182447BCAACE}.Debug|x86.Build.0 = Debug|Any CPU
		{48ECDD54-342E-4E63-94B1-182447BCAACE}.ImmuRelease|Any CPU.ActiveCfg = ImmuRelease|Any CPU
		{48ECDD54-342E-4E63-94B1-182447BCAACE}.ImmuRelease|Any CPU.Build.0 = ImmuRelease|Any CPU
		{48ECDD54-342E-4E63-94B1-182447BCAACE}.ImmuRelease|x64.ActiveCfg = ImmuRelease|Any CPU
		{48ECDD54-342E-4E63-94B1-182447BCAACE}.ImmuRelease|x64.Build.0 = ImmuRelease|Any CPU
		{48ECDD54-342E-4E63-94B1-182447BCAACE}.ImmuRelease|x86.ActiveCfg = ImmuRelease|Any CPU
		{48ECDD54-342E-4E63-94B1-182447BCAACE}.ImmuRelease|x86.Build.0 = ImmuRelease|Any CPU
		{48ECDD54-342E-4E63-94B1-182447BCAACE}.QA|Any CPU.ActiveCfg = QA|Any CPU
		{48ECDD54-342E-4E63-94B1-182447BCAACE}.QA|Any CPU.Build.0 = QA|Any CPU
		{48ECDD54-342E-4E63-94B1-182447BCAACE}.QA|x64.ActiveCfg = QA|Any CPU
		{48ECDD54-342E-4E63-94B1-182447BCAACE}.QA|x64.Build.0 = QA|Any CPU
		{48ECDD54-342E-4E63-94B1-182447BCAACE}.QA|x86.ActiveCfg = QA|Any CPU
		{48ECDD54-342E-4E63-94B1-182447BCAACE}.QA|x86.Build.0 = QA|Any CPU
		{48ECDD54-342E-4E63-94B1-182447BCAACE}.Release|Any CPU.ActiveCfg = Release|Any CPU
		{48ECDD54-342E-4E63-94B1-182447BCAACE}.Release|Any CPU.Build.0 = Release|Any CPU
		{48ECDD54-342E-4E63-94B1-182447BCAACE}.Release|x64.ActiveCfg = Release|Any CPU
		{48ECDD54-342E-4E63-94B1-182447BCAACE}.Release|x64.Build.0 = Release|Any CPU
		{48ECDD54-342E-4E63-94B1-182447BCAACE}.Release|x86.ActiveCfg = Release|Any CPU
		{48ECDD54-342E-4E63-94B1-182447BCAACE}.Release|x86.Build.0 = Release|Any CPU
	EndGlobalSection
	GlobalSection(SolutionProperties) = preSolution
		HideSolutionNode = FALSE
	EndGlobalSection
	GlobalSection(NestedProjects) = preSolution
	EndGlobalSection
	GlobalSection(ExtensibilityGlobals) = postSolution
		SolutionGuid = {FD7A20F0-FE24-4C79-BDAA-FDBDBA252952}
	EndGlobalSection
EndGlobal

