
Microsoft Visual Studio Solution File, Format Version 12.00
# Visual Studio Version 17
VisualStudioVersion = 17.0.31903.59
MinimumVisualStudioVersion = 10.0.40219.1
Project("{FAE04EC0-301F-11D3-BF4B-00C04F79EFBC}") = "Eleon.Storage.Module", "Eleon.Storage.Module.Full.csproj", "{7DB674A9-39FA-4D71-9211-41BFCB13D8B2}"
EndProject
Project("{FAE04EC0-301F-11D3-BF4B-00C04F79EFBC}") = "Eleon.AbpSdk.Lib", "..\..\libs\Eleon.AbpSdk.Lib\Eleon.AbpSdk.Lib.Full.csproj", "{27369EA8-721F-4919-837A-C22B4F7C550C}"
EndProject
Project("{FAE04EC0-301F-11D3-BF4B-00C04F79EFBC}") = "Eleon.Common.Lib", "..\..\libs\Eleon.Common.Lib\Eleon.Common.Lib.Full.csproj", "{7BEFB69D-E402-4B6E-92E6-4FF92F519E2D}"
EndProject
Project("{FAE04EC0-301F-11D3-BF4B-00C04F79EFBC}") = "Eleon.Logging.Lib", "..\..\libs\Eleon.Logging.Lib\Eleon.Logging.Lib.Full.csproj", "{35871656-388E-4F37-A738-0364AC99CDA5}"
EndProject
Project("{FAE04EC0-301F-11D3-BF4B-00C04F79EFBC}") = "Eleon.HealthChecks.Lib", "..\..\libs\Eleon.HealthChecks.Lib\Eleon.HealthChecks.Lib.Full.csproj", "{2148AED9-8CCA-4151-AA47-FC16D54862DB}"
EndProject
Project("{FAE04EC0-301F-11D3-BF4B-00C04F79EFBC}") = "Eleon.Migration.Lib", "..\..\libs\Eleon.Migration.Lib\Eleon.Migration.Lib.Full.csproj", "{1E72ACFA-A746-4CCC-9641-7F1A7B3BB121}"
EndProject
Project("{FAE04EC0-301F-11D3-BF4B-00C04F79EFBC}") = "Eleon.Telemetry.Lib", "..\..\libs\Eleon.Telemetry.Lib\Eleon.Telemetry.Lib.Full.csproj", "{FAE02083-B484-46AA-BA22-5DB82540BCB3}"
EndProject
Global
	GlobalSection(SolutionConfigurationPlatforms) = preSolution
		Debug|Any CPU = Debug|Any CPU
		Debug|x64 = Debug|x64
		Debug|x86 = Debug|x86
		ImmuRelease|Any CPU = ImmuRelease|Any CPU
		ImmuRelease|x64 = ImmuRelease|x64
		ImmuRelease|x86 = ImmuRelease|x86
		QA|Any CPU = QA|Any CPU
		QA|x64 = QA|x64
		QA|x86 = QA|x86
		Release|Any CPU = Release|Any CPU
		Release|x64 = Release|x64
		Release|x86 = Release|x86
	EndGlobalSection
	GlobalSection(ProjectConfigurationPlatforms) = postSolution
		{7DB674A9-39FA-4D71-9211-41BFCB13D8B2}.Debug|Any CPU.ActiveCfg = Debug|Any CPU
		{7DB674A9-39FA-4D71-9211-41BFCB13D8B2}.Debug|Any CPU.Build.0 = Debug|Any CPU
		{7DB674A9-39FA-4D71-9211-41BFCB13D8B2}.Debug|x64.ActiveCfg = Debug|Any CPU
		{7DB674A9-39FA-4D71-9211-41BFCB13D8B2}.Debug|x64.Build.0 = Debug|Any CPU
		{7DB674A9-39FA-4D71-9211-41BFCB13D8B2}.Debug|x86.ActiveCfg = Debug|Any CPU
		{7DB674A9-39FA-4D71-9211-41BFCB13D8B2}.Debug|x86.Build.0 = Debug|Any CPU
		{7DB674A9-39FA-4D71-9211-41BFCB13D8B2}.ImmuRelease|Any CPU.ActiveCfg = ImmuRelease|Any CPU
		{7DB674A9-39FA-4D71-9211-41BFCB13D8B2}.ImmuRelease|Any CPU.Build.0 = ImmuRelease|Any CPU
		{7DB674A9-39FA-4D71-9211-41BFCB13D8B2}.ImmuRelease|x64.ActiveCfg = ImmuRelease|Any CPU
		{7DB674A9-39FA-4D71-9211-41BFCB13D8B2}.ImmuRelease|x64.Build.0 = ImmuRelease|Any CPU
		{7DB674A9-39FA-4D71-9211-41BFCB13D8B2}.ImmuRelease|x86.ActiveCfg = ImmuRelease|Any CPU
		{7DB674A9-39FA-4D71-9211-41BFCB13D8B2}.ImmuRelease|x86.Build.0 = ImmuRelease|Any CPU
		{7DB674A9-39FA-4D71-9211-41BFCB13D8B2}.QA|Any CPU.ActiveCfg = QA|Any CPU
		{7DB674A9-39FA-4D71-9211-41BFCB13D8B2}.QA|Any CPU.Build.0 = QA|Any CPU
		{7DB674A9-39FA-4D71-9211-41BFCB13D8B2}.QA|x64.ActiveCfg = QA|Any CPU
		{7DB674A9-39FA-4D71-9211-41BFCB13D8B2}.QA|x64.Build.0 = QA|Any CPU
		{7DB674A9-39FA-4D71-9211-41BFCB13D8B2}.QA|x86.ActiveCfg = QA|Any CPU
		{7DB674A9-39FA-4D71-9211-41BFCB13D8B2}.QA|x86.Build.0 = QA|Any CPU
		{7DB674A9-39FA-4D71-9211-41BFCB13D8B2}.Release|Any CPU.ActiveCfg = Release|Any CPU
		{7DB674A9-39FA-4D71-9211-41BFCB13D8B2}.Release|Any CPU.Build.0 = Release|Any CPU
		{7DB674A9-39FA-4D71-9211-41BFCB13D8B2}.Release|x64.ActiveCfg = Release|Any CPU
		{7DB674A9-39FA-4D71-9211-41BFCB13D8B2}.Release|x64.Build.0 = Release|Any CPU
		{7DB674A9-39FA-4D71-9211-41BFCB13D8B2}.Release|x86.ActiveCfg = Release|Any CPU
		{7DB674A9-39FA-4D71-9211-41BFCB13D8B2}.Release|x86.Build.0 = Release|Any CPU
		{27369EA8-721F-4919-837A-C22B4F7C550C}.Debug|Any CPU.ActiveCfg = Debug|Any CPU
		{27369EA8-721F-4919-837A-C22B4F7C550C}.Debug|Any CPU.Build.0 = Debug|Any CPU
		{27369EA8-721F-4919-837A-C22B4F7C550C}.Debug|x64.ActiveCfg = Debug|Any CPU
		{27369EA8-721F-4919-837A-C22B4F7C550C}.Debug|x64.Build.0 = Debug|Any CPU
		{27369EA8-721F-4919-837A-C22B4F7C550C}.Debug|x86.ActiveCfg = Debug|Any CPU
		{27369EA8-721F-4919-837A-C22B4F7C550C}.Debug|x86.Build.0 = Debug|Any CPU
		{27369EA8-721F-4919-837A-C22B4F7C550C}.ImmuRelease|Any CPU.ActiveCfg = ImmuRelease|Any CPU
		{27369EA8-721F-4919-837A-C22B4F7C550C}.ImmuRelease|Any CPU.Build.0 = ImmuRelease|Any CPU
		{27369EA8-721F-4919-837A-C22B4F7C550C}.ImmuRelease|x64.ActiveCfg = ImmuRelease|Any CPU
		{27369EA8-721F-4919-837A-C22B4F7C550C}.ImmuRelease|x64.Build.0 = ImmuRelease|Any CPU
		{27369EA8-721F-4919-837A-C22B4F7C550C}.ImmuRelease|x86.ActiveCfg = ImmuRelease|Any CPU
		{27369EA8-721F-4919-837A-C22B4F7C550C}.ImmuRelease|x86.Build.0 = ImmuRelease|Any CPU
		{27369EA8-721F-4919-837A-C22B4F7C550C}.QA|Any CPU.ActiveCfg = QA|Any CPU
		{27369EA8-721F-4919-837A-C22B4F7C550C}.QA|Any CPU.Build.0 = QA|Any CPU
		{27369EA8-721F-4919-837A-C22B4F7C550C}.QA|x64.ActiveCfg = QA|Any CPU
		{27369EA8-721F-4919-837A-C22B4F7C550C}.QA|x64.Build.0 = QA|Any CPU
		{27369EA8-721F-4919-837A-C22B4F7C550C}.QA|x86.ActiveCfg = QA|Any CPU
		{27369EA8-721F-4919-837A-C22B4F7C550C}.QA|x86.Build.0 = QA|Any CPU
		{27369EA8-721F-4919-837A-C22B4F7C550C}.Release|Any CPU.ActiveCfg = Release|Any CPU
		{27369EA8-721F-4919-837A-C22B4F7C550C}.Release|Any CPU.Build.0 = Release|Any CPU
		{27369EA8-721F-4919-837A-C22B4F7C550C}.Release|x64.ActiveCfg = Release|Any CPU
		{27369EA8-721F-4919-837A-C22B4F7C550C}.Release|x64.Build.0 = Release|Any CPU
		{27369EA8-721F-4919-837A-C22B4F7C550C}.Release|x86.ActiveCfg = Release|Any CPU
		{27369EA8-721F-4919-837A-C22B4F7C550C}.Release|x86.Build.0 = Release|Any CPU
		{7BEFB69D-E402-4B6E-92E6-4FF92F519E2D}.Debug|Any CPU.ActiveCfg = Debug|Any CPU
		{7BEFB69D-E402-4B6E-92E6-4FF92F519E2D}.Debug|Any CPU.Build.0 = Debug|Any CPU
		{7BEFB69D-E402-4B6E-92E6-4FF92F519E2D}.Debug|x64.ActiveCfg = Debug|Any CPU
		{7BEFB69D-E402-4B6E-92E6-4FF92F519E2D}.Debug|x64.Build.0 = Debug|Any CPU
		{7BEFB69D-E402-4B6E-92E6-4FF92F519E2D}.Debug|x86.ActiveCfg = Debug|Any CPU
		{7BEFB69D-E402-4B6E-92E6-4FF92F519E2D}.Debug|x86.Build.0 = Debug|Any CPU
		{7BEFB69D-E402-4B6E-92E6-4FF92F519E2D}.ImmuRelease|Any CPU.ActiveCfg = ImmuRelease|Any CPU
		{7BEFB69D-E402-4B6E-92E6-4FF92F519E2D}.ImmuRelease|Any CPU.Build.0 = ImmuRelease|Any CPU
		{7BEFB69D-E402-4B6E-92E6-4FF92F519E2D}.ImmuRelease|x64.ActiveCfg = ImmuRelease|Any CPU
		{7BEFB69D-E402-4B6E-92E6-4FF92F519E2D}.ImmuRelease|x64.Build.0 = ImmuRelease|Any CPU
		{7BEFB69D-E402-4B6E-92E6-4FF92F519E2D}.ImmuRelease|x86.ActiveCfg = ImmuRelease|Any CPU
		{7BEFB69D-E402-4B6E-92E6-4FF92F519E2D}.ImmuRelease|x86.Build.0 = ImmuRelease|Any CPU
		{7BEFB69D-E402-4B6E-92E6-4FF92F519E2D}.QA|Any CPU.ActiveCfg = QA|Any CPU
		{7BEFB69D-E402-4B6E-92E6-4FF92F519E2D}.QA|Any CPU.Build.0 = QA|Any CPU
		{7BEFB69D-E402-4B6E-92E6-4FF92F519E2D}.QA|x64.ActiveCfg = QA|Any CPU
		{7BEFB69D-E402-4B6E-92E6-4FF92F519E2D}.QA|x64.Build.0 = QA|Any CPU
		{7BEFB69D-E402-4B6E-92E6-4FF92F519E2D}.QA|x86.ActiveCfg = QA|Any CPU
		{7BEFB69D-E402-4B6E-92E6-4FF92F519E2D}.QA|x86.Build.0 = QA|Any CPU
		{7BEFB69D-E402-4B6E-92E6-4FF92F519E2D}.Release|Any CPU.ActiveCfg = Release|Any CPU
		{7BEFB69D-E402-4B6E-92E6-4FF92F519E2D}.Release|Any CPU.Build.0 = Release|Any CPU
		{7BEFB69D-E402-4B6E-92E6-4FF92F519E2D}.Release|x64.ActiveCfg = Release|Any CPU
		{7BEFB69D-E402-4B6E-92E6-4FF92F519E2D}.Release|x64.Build.0 = Release|Any CPU
		{7BEFB69D-E402-4B6E-92E6-4FF92F519E2D}.Release|x86.ActiveCfg = Release|Any CPU
		{7BEFB69D-E402-4B6E-92E6-4FF92F519E2D}.Release|x86.Build.0 = Release|Any CPU
		{35871656-388E-4F37-A738-0364AC99CDA5}.Debug|Any CPU.ActiveCfg = Debug|Any CPU
		{35871656-388E-4F37-A738-0364AC99CDA5}.Debug|Any CPU.Build.0 = Debug|Any CPU
		{35871656-388E-4F37-A738-0364AC99CDA5}.Debug|x64.ActiveCfg = Debug|Any CPU
		{35871656-388E-4F37-A738-0364AC99CDA5}.Debug|x64.Build.0 = Debug|Any CPU
		{35871656-388E-4F37-A738-0364AC99CDA5}.Debug|x86.ActiveCfg = Debug|Any CPU
		{35871656-388E-4F37-A738-0364AC99CDA5}.Debug|x86.Build.0 = Debug|Any CPU
		{35871656-388E-4F37-A738-0364AC99CDA5}.ImmuRelease|Any CPU.ActiveCfg = ImmuRelease|Any CPU
		{35871656-388E-4F37-A738-0364AC99CDA5}.ImmuRelease|Any CPU.Build.0 = ImmuRelease|Any CPU
		{35871656-388E-4F37-A738-0364AC99CDA5}.ImmuRelease|x64.ActiveCfg = ImmuRelease|Any CPU
		{35871656-388E-4F37-A738-0364AC99CDA5}.ImmuRelease|x64.Build.0 = ImmuRelease|Any CPU
		{35871656-388E-4F37-A738-0364AC99CDA5}.ImmuRelease|x86.ActiveCfg = ImmuRelease|Any CPU
		{35871656-388E-4F37-A738-0364AC99CDA5}.ImmuRelease|x86.Build.0 = ImmuRelease|Any CPU
		{35871656-388E-4F37-A738-0364AC99CDA5}.QA|Any CPU.ActiveCfg = QA|Any CPU
		{35871656-388E-4F37-A738-0364AC99CDA5}.QA|Any CPU.Build.0 = QA|Any CPU
		{35871656-388E-4F37-A738-0364AC99CDA5}.QA|x64.ActiveCfg = QA|Any CPU
		{35871656-388E-4F37-A738-0364AC99CDA5}.QA|x64.Build.0 = QA|Any CPU
		{35871656-388E-4F37-A738-0364AC99CDA5}.QA|x86.ActiveCfg = QA|Any CPU
		{35871656-388E-4F37-A738-0364AC99CDA5}.QA|x86.Build.0 = QA|Any CPU
		{35871656-388E-4F37-A738-0364AC99CDA5}.Release|Any CPU.ActiveCfg = Release|Any CPU
		{35871656-388E-4F37-A738-0364AC99CDA5}.Release|Any CPU.Build.0 = Release|Any CPU
		{35871656-388E-4F37-A738-0364AC99CDA5}.Release|x64.ActiveCfg = Release|Any CPU
		{35871656-388E-4F37-A738-0364AC99CDA5}.Release|x64.Build.0 = Release|Any CPU
		{35871656-388E-4F37-A738-0364AC99CDA5}.Release|x86.ActiveCfg = Release|Any CPU
		{35871656-388E-4F37-A738-0364AC99CDA5}.Release|x86.Build.0 = Release|Any CPU
		{2148AED9-8CCA-4151-AA47-FC16D54862DB}.Debug|Any CPU.ActiveCfg = Debug|Any CPU
		{2148AED9-8CCA-4151-AA47-FC16D54862DB}.Debug|Any CPU.Build.0 = Debug|Any CPU
		{2148AED9-8CCA-4151-AA47-FC16D54862DB}.Debug|x64.ActiveCfg = Debug|Any CPU
		{2148AED9-8CCA-4151-AA47-FC16D54862DB}.Debug|x64.Build.0 = Debug|Any CPU
		{2148AED9-8CCA-4151-AA47-FC16D54862DB}.Debug|x86.ActiveCfg = Debug|Any CPU
		{2148AED9-8CCA-4151-AA47-FC16D54862DB}.Debug|x86.Build.0 = Debug|Any CPU
		{2148AED9-8CCA-4151-AA47-FC16D54862DB}.ImmuRelease|Any CPU.ActiveCfg = ImmuRelease|Any CPU
		{2148AED9-8CCA-4151-AA47-FC16D54862DB}.ImmuRelease|Any CPU.Build.0 = ImmuRelease|Any CPU
		{2148AED9-8CCA-4151-AA47-FC16D54862DB}.ImmuRelease|x64.ActiveCfg = ImmuRelease|Any CPU
		{2148AED9-8CCA-4151-AA47-FC16D54862DB}.ImmuRelease|x64.Build.0 = ImmuRelease|Any CPU
		{2148AED9-8CCA-4151-AA47-FC16D54862DB}.ImmuRelease|x86.ActiveCfg = ImmuRelease|Any CPU
		{2148AED9-8CCA-4151-AA47-FC16D54862DB}.ImmuRelease|x86.Build.0 = ImmuRelease|Any CPU
		{2148AED9-8CCA-4151-AA47-FC16D54862DB}.QA|Any CPU.ActiveCfg = QA|Any CPU
		{2148AED9-8CCA-4151-AA47-FC16D54862DB}.QA|Any CPU.Build.0 = QA|Any CPU
		{2148AED9-8CCA-4151-AA47-FC16D54862DB}.QA|x64.ActiveCfg = QA|Any CPU
		{2148AED9-8CCA-4151-AA47-FC16D54862DB}.QA|x64.Build.0 = QA|Any CPU
		{2148AED9-8CCA-4151-AA47-FC16D54862DB}.QA|x86.ActiveCfg = QA|Any CPU
		{2148AED9-8CCA-4151-AA47-FC16D54862DB}.QA|x86.Build.0 = QA|Any CPU
		{2148AED9-8CCA-4151-AA47-FC16D54862DB}.Release|Any CPU.ActiveCfg = Release|Any CPU
		{2148AED9-8CCA-4151-AA47-FC16D54862DB}.Release|Any CPU.Build.0 = Release|Any CPU
		{2148AED9-8CCA-4151-AA47-FC16D54862DB}.Release|x64.ActiveCfg = Release|Any CPU
		{2148AED9-8CCA-4151-AA47-FC16D54862DB}.Release|x64.Build.0 = Release|Any CPU
		{2148AED9-8CCA-4151-AA47-FC16D54862DB}.Release|x86.ActiveCfg = Release|Any CPU
		{2148AED9-8CCA-4151-AA47-FC16D54862DB}.Release|x86.Build.0 = Release|Any CPU
		{1E72ACFA-A746-4CCC-9641-7F1A7B3BB121}.Debug|Any CPU.ActiveCfg = Debug|Any CPU
		{1E72ACFA-A746-4CCC-9641-7F1A7B3BB121}.Debug|Any CPU.Build.0 = Debug|Any CPU
		{1E72ACFA-A746-4CCC-9641-7F1A7B3BB121}.Debug|x64.ActiveCfg = Debug|Any CPU
		{1E72ACFA-A746-4CCC-9641-7F1A7B3BB121}.Debug|x64.Build.0 = Debug|Any CPU
		{1E72ACFA-A746-4CCC-9641-7F1A7B3BB121}.Debug|x86.ActiveCfg = Debug|Any CPU
		{1E72ACFA-A746-4CCC-9641-7F1A7B3BB121}.Debug|x86.Build.0 = Debug|Any CPU
		{1E72ACFA-A746-4CCC-9641-7F1A7B3BB121}.ImmuRelease|Any CPU.ActiveCfg = Debug|Any CPU
		{1E72ACFA-A746-4CCC-9641-7F1A7B3BB121}.ImmuRelease|Any CPU.Build.0 = Debug|Any CPU
		{1E72ACFA-A746-4CCC-9641-7F1A7B3BB121}.ImmuRelease|x64.ActiveCfg = Debug|Any CPU
		{1E72ACFA-A746-4CCC-9641-7F1A7B3BB121}.ImmuRelease|x64.Build.0 = Debug|Any CPU
		{1E72ACFA-A746-4CCC-9641-7F1A7B3BB121}.ImmuRelease|x86.ActiveCfg = Debug|Any CPU
		{1E72ACFA-A746-4CCC-9641-7F1A7B3BB121}.ImmuRelease|x86.Build.0 = Debug|Any CPU
		{1E72ACFA-A746-4CCC-9641-7F1A7B3BB121}.QA|Any CPU.ActiveCfg = Debug|Any CPU
		{1E72ACFA-A746-4CCC-9641-7F1A7B3BB121}.QA|Any CPU.Build.0 = Debug|Any CPU
		{1E72ACFA-A746-4CCC-9641-7F1A7B3BB121}.QA|x64.ActiveCfg = Debug|Any CPU
		{1E72ACFA-A746-4CCC-9641-7F1A7B3BB121}.QA|x64.Build.0 = Debug|Any CPU
		{1E72ACFA-A746-4CCC-9641-7F1A7B3BB121}.QA|x86.ActiveCfg = Debug|Any CPU
		{1E72ACFA-A746-4CCC-9641-7F1A7B3BB121}.QA|x86.Build.0 = Debug|Any CPU
		{1E72ACFA-A746-4CCC-9641-7F1A7B3BB121}.Release|Any CPU.ActiveCfg = Release|Any CPU
		{1E72ACFA-A746-4CCC-9641-7F1A7B3BB121}.Release|Any CPU.Build.0 = Release|Any CPU
		{1E72ACFA-A746-4CCC-9641-7F1A7B3BB121}.Release|x64.ActiveCfg = Release|Any CPU
		{1E72ACFA-A746-4CCC-9641-7F1A7B3BB121}.Release|x64.Build.0 = Release|Any CPU
		{1E72ACFA-A746-4CCC-9641-7F1A7B3BB121}.Release|x86.ActiveCfg = Release|Any CPU
		{1E72ACFA-A746-4CCC-9641-7F1A7B3BB121}.Release|x86.Build.0 = Release|Any CPU
		{FAE02083-B484-46AA-BA22-5DB82540BCB3}.Debug|Any CPU.ActiveCfg = Debug|Any CPU
		{FAE02083-B484-46AA-BA22-5DB82540BCB3}.Debug|Any CPU.Build.0 = Debug|Any CPU
		{FAE02083-B484-46AA-BA22-5DB82540BCB3}.Debug|x64.ActiveCfg = Debug|Any CPU
		{FAE02083-B484-46AA-BA22-5DB82540BCB3}.Debug|x64.Build.0 = Debug|Any CPU
		{FAE02083-B484-46AA-BA22-5DB82540BCB3}.Debug|x86.ActiveCfg = Debug|Any CPU
		{FAE02083-B484-46AA-BA22-5DB82540BCB3}.Debug|x86.Build.0 = Debug|Any CPU
		{FAE02083-B484-46AA-BA22-5DB82540BCB3}.ImmuRelease|Any CPU.ActiveCfg = ImmuRelease|Any CPU
		{FAE02083-B484-46AA-BA22-5DB82540BCB3}.ImmuRelease|Any CPU.Build.0 = ImmuRelease|Any CPU
		{FAE02083-B484-46AA-BA22-5DB82540BCB3}.ImmuRelease|x64.ActiveCfg = ImmuRelease|Any CPU
		{FAE02083-B484-46AA-BA22-5DB82540BCB3}.ImmuRelease|x64.Build.0 = ImmuRelease|Any CPU
		{FAE02083-B484-46AA-BA22-5DB82540BCB3}.ImmuRelease|x86.ActiveCfg = ImmuRelease|Any CPU
		{FAE02083-B484-46AA-BA22-5DB82540BCB3}.ImmuRelease|x86.Build.0 = ImmuRelease|Any CPU
		{FAE02083-B484-46AA-BA22-5DB82540BCB3}.QA|Any CPU.ActiveCfg = QA|Any CPU
		{FAE02083-B484-46AA-BA22-5DB82540BCB3}.QA|Any CPU.Build.0 = QA|Any CPU
		{FAE02083-B484-46AA-BA22-5DB82540BCB3}.QA|x64.ActiveCfg = QA|Any CPU
		{FAE02083-B484-46AA-BA22-5DB82540BCB3}.QA|x64.Build.0 = QA|Any CPU
		{FAE02083-B484-46AA-BA22-5DB82540BCB3}.QA|x86.ActiveCfg = QA|Any CPU
		{FAE02083-B484-46AA-BA22-5DB82540BCB3}.QA|x86.Build.0 = QA|Any CPU
		{FAE02083-B484-46AA-BA22-5DB82540BCB3}.Release|Any CPU.ActiveCfg = Release|Any CPU
		{FAE02083-B484-46AA-BA22-5DB82540BCB3}.Release|Any CPU.Build.0 = Release|Any CPU
		{FAE02083-B484-46AA-BA22-5DB82540BCB3}.Release|x64.ActiveCfg = Release|Any CPU
		{FAE02083-B484-46AA-BA22-5DB82540BCB3}.Release|x64.Build.0 = Release|Any CPU
		{FAE02083-B484-46AA-BA22-5DB82540BCB3}.Release|x86.ActiveCfg = Release|Any CPU
		{FAE02083-B484-46AA-BA22-5DB82540BCB3}.Release|x86.Build.0 = Release|Any CPU
	EndGlobalSection
	GlobalSection(SolutionProperties) = preSolution
		HideSolutionNode = FALSE
	EndGlobalSection
	GlobalSection(ExtensibilityGlobals) = postSolution
		SolutionGuid = {FD7A20F0-FE24-4C79-BDAA-FDBDBA252952}
	EndGlobalSection
EndGlobal


