
Microsoft Visual Studio Solution File, Format Version 12.00
# Visual Studio Version 17
VisualStudioVersion = 17.0.31903.59
MinimumVisualStudioVersion = 10.0.40219.1
Project("{FAE04EC0-301F-11D3-BF4B-00C04F79EFBC}") = "Eleon.Logging.Lib.Full.Lib", "Eleon.Logging.Lib.Full.csproj", "{77C2830D-8CE1-27C2-1CB6-635341E34063}"
EndProject
Global
	GlobalSection(SolutionConfigurationPlatforms) = preSolution
		Debug|Any CPU = Debug|Any CPU
		ImmuRelease|Any CPU = ImmuRelease|Any CPU
		QA|Any CPU = QA|Any CPU
		Release|Any CPU = Release|Any CPU
	EndGlobalSection
	GlobalSection(ProjectConfigurationPlatforms) = postSolution
		{77C2830D-8CE1-27C2-1CB6-635341E34063}.Debug|Any CPU.ActiveCfg = Debug|Any CPU
		{77C2830D-8CE1-27C2-1CB6-635341E34063}.Debug|Any CPU.Build.0 = Debug|Any CPU
		{77C2830D-8CE1-27C2-1CB6-635341E34063}.ImmuRelease|Any CPU.ActiveCfg = ImmuRelease|Any CPU
		{77C2830D-8CE1-27C2-1CB6-635341E34063}.ImmuRelease|Any CPU.Build.0 = ImmuRelease|Any CPU
		{77C2830D-8CE1-27C2-1CB6-635341E34063}.QA|Any CPU.ActiveCfg = QA|Any CPU
		{77C2830D-8CE1-27C2-1CB6-635341E34063}.QA|Any CPU.Build.0 = QA|Any CPU
		{77C2830D-8CE1-27C2-1CB6-635341E34063}.Release|Any CPU.ActiveCfg = Release|Any CPU
		{77C2830D-8CE1-27C2-1CB6-635341E34063}.Release|Any CPU.Build.0 = Release|Any CPU
	EndGlobalSection
	GlobalSection(SolutionProperties) = preSolution
		HideSolutionNode = FALSE
	EndGlobalSection
	GlobalSection(ExtensibilityGlobals) = postSolution
		SolutionGuid = {FD7A20F0-FE24-4C79-BDAA-FDBDBA252952}
	EndGlobalSection
EndGlobal

